// !$*UTF8*$!
{
	archiveVersion = 1;
	classes = {
	};
	objectVersion = 46;
	objects = {

/* Begin PBXBuildFile section */
		941465F81C3345F50002BB46 /* ValidateButton.swift in Sources */ = {isa = PBXBuildFile; fileRef = 941465F71C3345F50002BB46 /* ValidateButton.swift */; };
		941465FA1C334BD40002BB46 /* CloseButton.swift in Sources */ = {isa = PBXBuildFile; fileRef = 941465F91C334BD40002BB46 /* CloseButton.swift */; };
		942B20551BF4D26700F62926 /* Bellota-Bold.otf in Resources */ = {isa = PBXBuildFile; fileRef = 942B204A1BF4D22E00F62926 /* Bellota-Bold.otf */; };
		942B20561BF4D26700F62926 /* Bellota-Light.otf in Resources */ = {isa = PBXBuildFile; fileRef = 942B204B1BF4D22E00F62926 /* Bellota-Light.otf */; };
		942B20571BF4D26700F62926 /* Bellota-Regular.otf in Resources */ = {isa = PBXBuildFile; fileRef = 942B204C1BF4D22E00F62926 /* Bellota-Regular.otf */; };
		942B20581BF4D26700F62926 /* Santana-Bold.ttf in Resources */ = {isa = PBXBuildFile; fileRef = 942B204D1BF4D22E00F62926 /* Santana-Bold.ttf */; };
		942B20591BF4D26700F62926 /* Santana.ttf in Resources */ = {isa = PBXBuildFile; fileRef = 942B204E1BF4D22E00F62926 /* Santana.ttf */; };
		9445C0FB1C387F9F004156A8 /* ActivityView.swift in Sources */ = {isa = PBXBuildFile; fileRef = 9445C0FA1C387F9F004156A8 /* ActivityView.swift */; };
		944E81011BD9A43B002D3F20 /* AppDelegate.swift in Sources */ = {isa = PBXBuildFile; fileRef = 944E81001BD9A43B002D3F20 /* AppDelegate.swift */; };
		944E81091BD9A43B002D3F20 /* Sisley.xcdatamodeld in Sources */ = {isa = PBXBuildFile; fileRef = 944E81071BD9A43B002D3F20 /* Sisley.xcdatamodeld */; };
		944E810B1BD9A43B002D3F20 /* Assets.xcassets in Resources */ = {isa = PBXBuildFile; fileRef = 944E810A1BD9A43B002D3F20 /* Assets.xcassets */; };
		944E81191BD9A43B002D3F20 /* SisleyTests.swift in Sources */ = {isa = PBXBuildFile; fileRef = 944E81181BD9A43B002D3F20 /* SisleyTests.swift */; };
		944E81241BD9A43B002D3F20 /* SisleyUITests.swift in Sources */ = {isa = PBXBuildFile; fileRef = 944E81231BD9A43B002D3F20 /* SisleyUITests.swift */; };
		9467B6011C2EDD08000A7C08 /* TipsController.swift in Sources */ = {isa = PBXBuildFile; fileRef = 9467B6001C2EDD08000A7C08 /* TipsController.swift */; };
		9467B6031C2F09E9000A7C08 /* Tips.storyboard in Resources */ = {isa = PBXBuildFile; fileRef = 9467B6021C2F09E9000A7C08 /* Tips.storyboard */; };
		9467B60C1C2F0D5B000A7C08 /* tutoSecond.png in Resources */ = {isa = PBXBuildFile; fileRef = 9467B6041C2F0D5B000A7C08 /* tutoSecond.png */; };
		9467B60D1C2F0D5B000A7C08 /* tutoFirst.png in Resources */ = {isa = PBXBuildFile; fileRef = 9467B6051C2F0D5B000A7C08 /* tutoFirst.png */; };
		9467B60E1C2F0D5B000A7C08 /* goBackBlue.png in Resources */ = {isa = PBXBuildFile; fileRef = 9467B6061C2F0D5B000A7C08 /* goBackBlue.png */; };
		9467B6101C2F0D5B000A7C08 /* heartFull.png in Resources */ = {isa = PBXBuildFile; fileRef = 9467B6081C2F0D5B000A7C08 /* heartFull.png */; };
		9467B6111C2F0D5B000A7C08 /* validateActivity.png in Resources */ = {isa = PBXBuildFile; fileRef = 9467B6091C2F0D5B000A7C08 /* validateActivity.png */; };
		9467B6121C2F0D5B000A7C08 /* heartEmpty.png in Resources */ = {isa = PBXBuildFile; fileRef = 9467B60A1C2F0D5B000A7C08 /* heartEmpty.png */; };
		9467B6131C2F0D5B000A7C08 /* purchase.png in Resources */ = {isa = PBXBuildFile; fileRef = 9467B60B1C2F0D5B000A7C08 /* purchase.png */; };
		9467B6171C2F0E0D000A7C08 /* HeaderView.swift in Sources */ = {isa = PBXBuildFile; fileRef = 9467B6161C2F0E0D000A7C08 /* HeaderView.swift */; };
		9467B6191C2F11B5000A7C08 /* EtiquetteView.swift in Sources */ = {isa = PBXBuildFile; fileRef = 9467B6181C2F11B5000A7C08 /* EtiquetteView.swift */; };
		9467B61B1C2F1476000A7C08 /* Bellota-Italic.otf in Resources */ = {isa = PBXBuildFile; fileRef = 9467B61A1C2F143C000A7C08 /* Bellota-Italic.otf */; };
		9467B61D1C2F1753000A7C08 /* LikeButton.swift in Sources */ = {isa = PBXBuildFile; fileRef = 9467B61C1C2F1753000A7C08 /* LikeButton.swift */; };
		9467B6211C313476000A7C08 /* CarouselController.swift in Sources */ = {isa = PBXBuildFile; fileRef = 9467B6201C313476000A7C08 /* CarouselController.swift */; };
		9467B6241C31FA16000A7C08 /* DetailsView.swift in Sources */ = {isa = PBXBuildFile; fileRef = 9467B6231C31FA16000A7C08 /* DetailsView.swift */; };
		9467B6261C320514000A7C08 /* PackShotView.swift in Sources */ = {isa = PBXBuildFile; fileRef = 9467B6251C320514000A7C08 /* PackShotView.swift */; };
		9467B6281C320866000A7C08 /* packShot.png in Resources */ = {isa = PBXBuildFile; fileRef = 9467B6271C320866000A7C08 /* packShot.png */; };
		948097701C219F6A006DAC56 /* AngleGradientBorderLayer.swift in Sources */ = {isa = PBXBuildFile; fileRef = 9480976F1C219F6A006DAC56 /* AngleGradientBorderLayer.swift */; };
		948097721C21A055006DAC56 /* AngleGradientBorderView.swift in Sources */ = {isa = PBXBuildFile; fileRef = 948097711C21A055006DAC56 /* AngleGradientBorderView.swift */; };
		9480978B1C2457EB006DAC56 /* NavigationView.swift in Sources */ = {isa = PBXBuildFile; fileRef = 9480978A1C2457EB006DAC56 /* NavigationView.swift */; };
		9480978D1C27F370006DAC56 /* NavigationMenuButton.swift in Sources */ = {isa = PBXBuildFile; fileRef = 9480978C1C27F370006DAC56 /* NavigationMenuButton.swift */; };
		9480978F1C281AA5006DAC56 /* NavigationButton.swift in Sources */ = {isa = PBXBuildFile; fileRef = 9480978E1C281AA5006DAC56 /* NavigationButton.swift */; };
		9480982E1C28BC4B006DAC56 /* evolution.png in Resources */ = {isa = PBXBuildFile; fileRef = 9480982A1C28BC4B006DAC56 /* evolution.png */; };
		9480982F1C28BC4B006DAC56 /* orchidee.png in Resources */ = {isa = PBXBuildFile; fileRef = 9480982B1C28BC4B006DAC56 /* orchidee.png */; };
		948098301C28BC4B006DAC56 /* profil.png in Resources */ = {isa = PBXBuildFile; fileRef = 9480982C1C28BC4B006DAC56 /* profil.png */; };
		948098311C28BC4B006DAC56 /* soins.png in Resources */ = {isa = PBXBuildFile; fileRef = 9480982D1C28BC4B006DAC56 /* soins.png */; };
		94ABE0C11C328BAD00224E16 /* CommentView.swift in Sources */ = {isa = PBXBuildFile; fileRef = 94ABE0C01C328BAD00224E16 /* CommentView.swift */; };
		94ABE0C71C32BA0600224E16 /* 3d_model in Resources */ = {isa = PBXBuildFile; fileRef = 94ABE0C21C32BA0600224E16 /* 3d_model */; };
		94ABE0C81C32BA0600224E16 /* app.css in Resources */ = {isa = PBXBuildFile; fileRef = 94ABE0C31C32BA0600224E16 /* app.css */; };
		94ABE0C91C32BA0600224E16 /* app.js in Resources */ = {isa = PBXBuildFile; fileRef = 94ABE0C41C32BA0600224E16 /* app.js */; };
		94ABE0CA1C32BA0600224E16 /* index.html in Resources */ = {isa = PBXBuildFile; fileRef = 94ABE0C51C32BA0600224E16 /* index.html */; };
		94ABE0CB1C32BA0600224E16 /* tex in Resources */ = {isa = PBXBuildFile; fileRef = 94ABE0C61C32BA0600224E16 /* tex */; };
		94ABE0CD1C32BFE900224E16 /* ReactionsView.swift in Sources */ = {isa = PBXBuildFile; fileRef = 94ABE0CC1C32BFE900224E16 /* ReactionsView.swift */; };
		94ABE0D21C32C21A00224E16 /* comment2.png in Resources */ = {isa = PBXBuildFile; fileRef = 94ABE0CF1C32C21A00224E16 /* comment2.png */; };
		94ABE0D31C32C21A00224E16 /* comment3.png in Resources */ = {isa = PBXBuildFile; fileRef = 94ABE0D01C32C21A00224E16 /* comment3.png */; };
		94ABE0D41C32C21A00224E16 /* comment1.png in Resources */ = {isa = PBXBuildFile; fileRef = 94ABE0D11C32C21A00224E16 /* comment1.png */; };
		94ABE0D61C32C23C00224E16 /* ReactionEtiquetteView.swift in Sources */ = {isa = PBXBuildFile; fileRef = 94ABE0D51C32C23C00224E16 /* ReactionEtiquetteView.swift */; };
		94ABE0D81C333A2000224E16 /* DotView.swift in Sources */ = {isa = PBXBuildFile; fileRef = 94ABE0D71C333A2000224E16 /* DotView.swift */; };
		94AD12F41BF0D0D600B6B1A0 /* CustomSlider.swift in Sources */ = {isa = PBXBuildFile; fileRef = 94AD12F31BF0D0D600B6B1A0 /* CustomSlider.swift */; };
		94AD12F61BF0D0E600B6B1A0 /* CustomSliderView.swift in Sources */ = {isa = PBXBuildFile; fileRef = 94AD12F51BF0D0E600B6B1A0 /* CustomSliderView.swift */; };
		94AD12F81BF0D10600B6B1A0 /* CustomWebViewController.swift in Sources */ = {isa = PBXBuildFile; fileRef = 94AD12F71BF0D10600B6B1A0 /* CustomWebViewController.swift */; };
		94CD5C401C3DC79300BE9751 /* SliderTipsView.swift in Sources */ = {isa = PBXBuildFile; fileRef = 94CD5C3F1C3DC79300BE9751 /* SliderTipsView.swift */; };
		94CD5C421C3DCCFC00BE9751 /* SliderTipsDotsView.swift in Sources */ = {isa = PBXBuildFile; fileRef = 94CD5C411C3DCCFC00BE9751 /* SliderTipsDotsView.swift */; };
		94CD5C441C3DD0A800BE9751 /* SliderTips.swift in Sources */ = {isa = PBXBuildFile; fileRef = 94CD5C431C3DD0A800BE9751 /* SliderTips.swift */; };
		94D29C351C2DBAC200484EAB /* SharingView.swift in Sources */ = {isa = PBXBuildFile; fileRef = 94D29C341C2DBAC200484EAB /* SharingView.swift */; };
		94D29C371C2DC6B300484EAB /* SharingMenuButton.swift in Sources */ = {isa = PBXBuildFile; fileRef = 94D29C361C2DC6B300484EAB /* SharingMenuButton.swift */; };
		94D29C3D1C2DCB7400484EAB /* sharingButton.png in Resources */ = {isa = PBXBuildFile; fileRef = 94D29C381C2DCB7400484EAB /* sharingButton.png */; };
		94D29C3E1C2DCB7400484EAB /* pinterest.png in Resources */ = {isa = PBXBuildFile; fileRef = 94D29C391C2DCB7400484EAB /* pinterest.png */; };
		94D29C3F1C2DCB7400484EAB /* twitter.png in Resources */ = {isa = PBXBuildFile; fileRef = 94D29C3A1C2DCB7400484EAB /* twitter.png */; };
		94D29C401C2DCB7400484EAB /* facebook.png in Resources */ = {isa = PBXBuildFile; fileRef = 94D29C3B1C2DCB7400484EAB /* facebook.png */; };
		94D29C411C2DCB7400484EAB /* goBack.png in Resources */ = {isa = PBXBuildFile; fileRef = 94D29C3C1C2DCB7400484EAB /* goBack.png */; };
		94D29C431C2DD56800484EAB /* SharingButton.swift in Sources */ = {isa = PBXBuildFile; fileRef = 94D29C421C2DD56800484EAB /* SharingButton.swift */; };
		94D29C451C2DE10400484EAB /* SharingCloseButton.swift in Sources */ = {isa = PBXBuildFile; fileRef = 94D29C441C2DE10400484EAB /* SharingCloseButton.swift */; };
		94E26BE31C3A888100F096C5 /* NextButton.swift in Sources */ = {isa = PBXBuildFile; fileRef = 94E26BE21C3A888100F096C5 /* NextButton.swift */; };
		94E26BE51C3AA72B00F096C5 /* sisleyLogo.png in Resources */ = {isa = PBXBuildFile; fileRef = 94E26BE41C3AA72B00F096C5 /* sisleyLogo.png */; };
		94E26BE81C3AB1F500F096C5 /* IntroController.swift in Sources */ = {isa = PBXBuildFile; fileRef = 94E26BE71C3AB1F500F096C5 /* IntroController.swift */; };
		94E26BEC1C3AB4A100F096C5 /* ConnexionView.swift in Sources */ = {isa = PBXBuildFile; fileRef = 94E26BEB1C3AB4A100F096C5 /* ConnexionView.swift */; };
		94E26BEE1C3ACE6C00F096C5 /* Intro.storyboard in Resources */ = {isa = PBXBuildFile; fileRef = 94E26BED1C3ACE6C00F096C5 /* Intro.storyboard */; };
		94E436221C0DD59600658C61 /* CustomTitle.swift in Sources */ = {isa = PBXBuildFile; fileRef = 94E436211C0DD59600658C61 /* CustomTitle.swift */; };
		94F196D71C0C689C00EB5283 /* AngleGradientLayer.m in Sources */ = {isa = PBXBuildFile; fileRef = 94F196D61C0C689C00EB5283 /* AngleGradientLayer.m */; };
		94FFF4721C3BF78300FBF2EB /* TutorialView.swift in Sources */ = {isa = PBXBuildFile; fileRef = 94FFF4711C3BF78300FBF2EB /* TutorialView.swift */; };
		94FFF4771C3C842F00FBF2EB /* RecapEtiquetteView.swift in Sources */ = {isa = PBXBuildFile; fileRef = 94FFF4761C3C842F00FBF2EB /* RecapEtiquetteView.swift */; };
		94FFF4791C3C843800FBF2EB /* RecapView.swift in Sources */ = {isa = PBXBuildFile; fileRef = 94FFF4781C3C843800FBF2EB /* RecapView.swift */; };
		94FFF47B1C3C867B00FBF2EB /* RecapHeaderView.swift in Sources */ = {isa = PBXBuildFile; fileRef = 94FFF47A1C3C867B00FBF2EB /* RecapHeaderView.swift */; };
		94FFF47D1C3C872C00FBF2EB /* RecapEtiquetteBodyView.swift in Sources */ = {isa = PBXBuildFile; fileRef = 94FFF47C1C3C872C00FBF2EB /* RecapEtiquetteBodyView.swift */; };
		AD95C1651BECC0400015441E /* Flower.storyboard in Resources */ = {isa = PBXBuildFile; fileRef = AD95C1641BECC0400015441E /* Flower.storyboard */; };
		AD95C1671BECC0540015441E /* FlowerController.swift in Sources */ = {isa = PBXBuildFile; fileRef = AD95C1661BECC0540015441E /* FlowerController.swift */; };
		ADD9C69C1BE8EBD70026B529 /* Quiz.storyboard in Resources */ = {isa = PBXBuildFile; fileRef = ADD9C69B1BE8EBD70026B529 /* Quiz.storyboard */; };
		ADD9C69F1BE8EC0D0026B529 /* QuizController.swift in Sources */ = {isa = PBXBuildFile; fileRef = ADD9C69E1BE8EC0D0026B529 /* QuizController.swift */; };
/* End PBXBuildFile section */

/* Begin PBXContainerItemProxy section */
		944E81151BD9A43B002D3F20 /* PBXContainerItemProxy */ = {
			isa = PBXContainerItemProxy;
			containerPortal = 944E80F51BD9A43B002D3F20 /* Project object */;
			proxyType = 1;
			remoteGlobalIDString = 944E80FC1BD9A43B002D3F20;
			remoteInfo = Sisley;
		};
		944E81201BD9A43B002D3F20 /* PBXContainerItemProxy */ = {
			isa = PBXContainerItemProxy;
			containerPortal = 944E80F51BD9A43B002D3F20 /* Project object */;
			proxyType = 1;
			remoteGlobalIDString = 944E80FC1BD9A43B002D3F20;
			remoteInfo = Sisley;
		};
/* End PBXContainerItemProxy section */

/* Begin PBXFileReference section */
		941465F71C3345F50002BB46 /* ValidateButton.swift */ = {isa = PBXFileReference; fileEncoding = 4; lastKnownFileType = sourcecode.swift; path = ValidateButton.swift; sourceTree = "<group>"; };
		941465F91C334BD40002BB46 /* CloseButton.swift */ = {isa = PBXFileReference; fileEncoding = 4; lastKnownFileType = sourcecode.swift; path = CloseButton.swift; sourceTree = "<group>"; };
		942B204A1BF4D22E00F62926 /* Bellota-Bold.otf */ = {isa = PBXFileReference; lastKnownFileType = file; path = "Bellota-Bold.otf"; sourceTree = "<group>"; };
		942B204B1BF4D22E00F62926 /* Bellota-Light.otf */ = {isa = PBXFileReference; lastKnownFileType = file; path = "Bellota-Light.otf"; sourceTree = "<group>"; };
		942B204C1BF4D22E00F62926 /* Bellota-Regular.otf */ = {isa = PBXFileReference; lastKnownFileType = file; path = "Bellota-Regular.otf"; sourceTree = "<group>"; };
		942B204D1BF4D22E00F62926 /* Santana-Bold.ttf */ = {isa = PBXFileReference; lastKnownFileType = file; path = "Santana-Bold.ttf"; sourceTree = "<group>"; };
		942B204E1BF4D22E00F62926 /* Santana.ttf */ = {isa = PBXFileReference; lastKnownFileType = file; path = Santana.ttf; sourceTree = "<group>"; };
		9445C0FA1C387F9F004156A8 /* ActivityView.swift */ = {isa = PBXFileReference; fileEncoding = 4; lastKnownFileType = sourcecode.swift; path = ActivityView.swift; sourceTree = "<group>"; };
		944E80FD1BD9A43B002D3F20 /* Sisley.app */ = {isa = PBXFileReference; explicitFileType = wrapper.application; includeInIndex = 0; path = Sisley.app; sourceTree = BUILT_PRODUCTS_DIR; };
		944E81001BD9A43B002D3F20 /* AppDelegate.swift */ = {isa = PBXFileReference; lastKnownFileType = sourcecode.swift; path = AppDelegate.swift; sourceTree = "<group>"; };
		944E81081BD9A43B002D3F20 /* Sisley.xcdatamodel */ = {isa = PBXFileReference; lastKnownFileType = wrapper.xcdatamodel; path = Sisley.xcdatamodel; sourceTree = "<group>"; };
		944E810A1BD9A43B002D3F20 /* Assets.xcassets */ = {isa = PBXFileReference; lastKnownFileType = folder.assetcatalog; path = Assets.xcassets; sourceTree = "<group>"; };
		944E810F1BD9A43B002D3F20 /* Info.plist */ = {isa = PBXFileReference; lastKnownFileType = text.plist.xml; path = Info.plist; sourceTree = "<group>"; };
		944E81141BD9A43B002D3F20 /* SisleyTests.xctest */ = {isa = PBXFileReference; explicitFileType = wrapper.cfbundle; includeInIndex = 0; path = SisleyTests.xctest; sourceTree = BUILT_PRODUCTS_DIR; };
		944E81181BD9A43B002D3F20 /* SisleyTests.swift */ = {isa = PBXFileReference; lastKnownFileType = sourcecode.swift; path = SisleyTests.swift; sourceTree = "<group>"; };
		944E811A1BD9A43B002D3F20 /* Info.plist */ = {isa = PBXFileReference; lastKnownFileType = text.plist.xml; path = Info.plist; sourceTree = "<group>"; };
		944E811F1BD9A43B002D3F20 /* SisleyUITests.xctest */ = {isa = PBXFileReference; explicitFileType = wrapper.cfbundle; includeInIndex = 0; path = SisleyUITests.xctest; sourceTree = BUILT_PRODUCTS_DIR; };
		944E81231BD9A43B002D3F20 /* SisleyUITests.swift */ = {isa = PBXFileReference; lastKnownFileType = sourcecode.swift; path = SisleyUITests.swift; sourceTree = "<group>"; };
		944E81251BD9A43B002D3F20 /* Info.plist */ = {isa = PBXFileReference; lastKnownFileType = text.plist.xml; path = Info.plist; sourceTree = "<group>"; };
		9467B6001C2EDD08000A7C08 /* TipsController.swift */ = {isa = PBXFileReference; fileEncoding = 4; lastKnownFileType = sourcecode.swift; path = TipsController.swift; sourceTree = "<group>"; };
		9467B6021C2F09E9000A7C08 /* Tips.storyboard */ = {isa = PBXFileReference; fileEncoding = 4; lastKnownFileType = file.storyboard; path = Tips.storyboard; sourceTree = "<group>"; };
		9467B6041C2F0D5B000A7C08 /* tutoSecond.png */ = {isa = PBXFileReference; lastKnownFileType = image.png; path = tutoSecond.png; sourceTree = "<group>"; };
		9467B6051C2F0D5B000A7C08 /* tutoFirst.png */ = {isa = PBXFileReference; lastKnownFileType = image.png; path = tutoFirst.png; sourceTree = "<group>"; };
		9467B6061C2F0D5B000A7C08 /* goBackBlue.png */ = {isa = PBXFileReference; lastKnownFileType = image.png; path = goBackBlue.png; sourceTree = "<group>"; };
		9467B6081C2F0D5B000A7C08 /* heartFull.png */ = {isa = PBXFileReference; lastKnownFileType = image.png; path = heartFull.png; sourceTree = "<group>"; };
		9467B6091C2F0D5B000A7C08 /* validateActivity.png */ = {isa = PBXFileReference; lastKnownFileType = image.png; path = validateActivity.png; sourceTree = "<group>"; };
		9467B60A1C2F0D5B000A7C08 /* heartEmpty.png */ = {isa = PBXFileReference; lastKnownFileType = image.png; path = heartEmpty.png; sourceTree = "<group>"; };
		9467B60B1C2F0D5B000A7C08 /* purchase.png */ = {isa = PBXFileReference; lastKnownFileType = image.png; path = purchase.png; sourceTree = "<group>"; };
		9467B6161C2F0E0D000A7C08 /* HeaderView.swift */ = {isa = PBXFileReference; fileEncoding = 4; lastKnownFileType = sourcecode.swift; path = HeaderView.swift; sourceTree = "<group>"; };
		9467B6181C2F11B5000A7C08 /* EtiquetteView.swift */ = {isa = PBXFileReference; fileEncoding = 4; lastKnownFileType = sourcecode.swift; path = EtiquetteView.swift; sourceTree = "<group>"; };
		9467B61A1C2F143C000A7C08 /* Bellota-Italic.otf */ = {isa = PBXFileReference; lastKnownFileType = file; path = "Bellota-Italic.otf"; sourceTree = "<group>"; };
		9467B61C1C2F1753000A7C08 /* LikeButton.swift */ = {isa = PBXFileReference; fileEncoding = 4; lastKnownFileType = sourcecode.swift; path = LikeButton.swift; sourceTree = "<group>"; };
		9467B6201C313476000A7C08 /* CarouselController.swift */ = {isa = PBXFileReference; fileEncoding = 4; lastKnownFileType = sourcecode.swift; path = CarouselController.swift; sourceTree = "<group>"; };
		9467B6231C31FA16000A7C08 /* DetailsView.swift */ = {isa = PBXFileReference; fileEncoding = 4; lastKnownFileType = sourcecode.swift; path = DetailsView.swift; sourceTree = "<group>"; };
		9467B6251C320514000A7C08 /* PackShotView.swift */ = {isa = PBXFileReference; fileEncoding = 4; lastKnownFileType = sourcecode.swift; path = PackShotView.swift; sourceTree = "<group>"; };
		9467B6271C320866000A7C08 /* packShot.png */ = {isa = PBXFileReference; lastKnownFileType = image.png; path = packShot.png; sourceTree = "<group>"; };
		9480976F1C219F6A006DAC56 /* AngleGradientBorderLayer.swift */ = {isa = PBXFileReference; fileEncoding = 4; lastKnownFileType = sourcecode.swift; path = AngleGradientBorderLayer.swift; sourceTree = "<group>"; };
		948097711C21A055006DAC56 /* AngleGradientBorderView.swift */ = {isa = PBXFileReference; fileEncoding = 4; lastKnownFileType = sourcecode.swift; path = AngleGradientBorderView.swift; sourceTree = "<group>"; };
		9480978A1C2457EB006DAC56 /* NavigationView.swift */ = {isa = PBXFileReference; fileEncoding = 4; lastKnownFileType = sourcecode.swift; path = NavigationView.swift; sourceTree = "<group>"; };
		9480978C1C27F370006DAC56 /* NavigationMenuButton.swift */ = {isa = PBXFileReference; fileEncoding = 4; lastKnownFileType = sourcecode.swift; path = NavigationMenuButton.swift; sourceTree = "<group>"; };
		9480978E1C281AA5006DAC56 /* NavigationButton.swift */ = {isa = PBXFileReference; fileEncoding = 4; lastKnownFileType = sourcecode.swift; path = NavigationButton.swift; sourceTree = "<group>"; };
		9480982A1C28BC4B006DAC56 /* evolution.png */ = {isa = PBXFileReference; lastKnownFileType = image.png; path = evolution.png; sourceTree = "<group>"; };
		9480982B1C28BC4B006DAC56 /* orchidee.png */ = {isa = PBXFileReference; lastKnownFileType = image.png; path = orchidee.png; sourceTree = "<group>"; };
		9480982C1C28BC4B006DAC56 /* profil.png */ = {isa = PBXFileReference; lastKnownFileType = image.png; path = profil.png; sourceTree = "<group>"; };
		9480982D1C28BC4B006DAC56 /* soins.png */ = {isa = PBXFileReference; lastKnownFileType = image.png; path = soins.png; sourceTree = "<group>"; };
		94ABE0C01C328BAD00224E16 /* CommentView.swift */ = {isa = PBXFileReference; fileEncoding = 4; lastKnownFileType = sourcecode.swift; path = CommentView.swift; sourceTree = "<group>"; };
		94ABE0C21C32BA0600224E16 /* 3d_model */ = {isa = PBXFileReference; lastKnownFileType = folder; name = 3d_model; path = www/orchidGenerator/public/3d_model; sourceTree = "<group>"; };
		94ABE0C31C32BA0600224E16 /* app.css */ = {isa = PBXFileReference; fileEncoding = 4; lastKnownFileType = text.css; name = app.css; path = www/orchidGenerator/public/app.css; sourceTree = "<group>"; };
		94ABE0C41C32BA0600224E16 /* app.js */ = {isa = PBXFileReference; fileEncoding = 4; lastKnownFileType = sourcecode.javascript; name = app.js; path = www/orchidGenerator/public/app.js; sourceTree = "<group>"; };
		94ABE0C51C32BA0600224E16 /* index.html */ = {isa = PBXFileReference; fileEncoding = 4; lastKnownFileType = text.html; name = index.html; path = www/orchidGenerator/public/index.html; sourceTree = "<group>"; };
		94ABE0C61C32BA0600224E16 /* tex */ = {isa = PBXFileReference; lastKnownFileType = folder; name = tex; path = www/orchidGenerator/public/tex; sourceTree = "<group>"; };
		94ABE0CC1C32BFE900224E16 /* ReactionsView.swift */ = {isa = PBXFileReference; fileEncoding = 4; lastKnownFileType = sourcecode.swift; path = ReactionsView.swift; sourceTree = "<group>"; };
		94ABE0CF1C32C21A00224E16 /* comment2.png */ = {isa = PBXFileReference; lastKnownFileType = image.png; path = comment2.png; sourceTree = "<group>"; };
		94ABE0D01C32C21A00224E16 /* comment3.png */ = {isa = PBXFileReference; lastKnownFileType = image.png; path = comment3.png; sourceTree = "<group>"; };
		94ABE0D11C32C21A00224E16 /* comment1.png */ = {isa = PBXFileReference; lastKnownFileType = image.png; path = comment1.png; sourceTree = "<group>"; };
		94ABE0D51C32C23C00224E16 /* ReactionEtiquetteView.swift */ = {isa = PBXFileReference; fileEncoding = 4; lastKnownFileType = sourcecode.swift; path = ReactionEtiquetteView.swift; sourceTree = "<group>"; };
		94ABE0D71C333A2000224E16 /* DotView.swift */ = {isa = PBXFileReference; fileEncoding = 4; lastKnownFileType = sourcecode.swift; path = DotView.swift; sourceTree = "<group>"; };
		94AD12F31BF0D0D600B6B1A0 /* CustomSlider.swift */ = {isa = PBXFileReference; fileEncoding = 4; lastKnownFileType = sourcecode.swift; path = CustomSlider.swift; sourceTree = "<group>"; };
		94AD12F51BF0D0E600B6B1A0 /* CustomSliderView.swift */ = {isa = PBXFileReference; fileEncoding = 4; lastKnownFileType = sourcecode.swift; path = CustomSliderView.swift; sourceTree = "<group>"; };
		94AD12F71BF0D10600B6B1A0 /* CustomWebViewController.swift */ = {isa = PBXFileReference; fileEncoding = 4; lastKnownFileType = sourcecode.swift; path = CustomWebViewController.swift; sourceTree = "<group>"; };
		94CD5C3F1C3DC79300BE9751 /* SliderTipsView.swift */ = {isa = PBXFileReference; fileEncoding = 4; lastKnownFileType = sourcecode.swift; path = SliderTipsView.swift; sourceTree = "<group>"; };
		94CD5C411C3DCCFC00BE9751 /* SliderTipsDotsView.swift */ = {isa = PBXFileReference; fileEncoding = 4; lastKnownFileType = sourcecode.swift; path = SliderTipsDotsView.swift; sourceTree = "<group>"; };
		94CD5C431C3DD0A800BE9751 /* SliderTips.swift */ = {isa = PBXFileReference; fileEncoding = 4; lastKnownFileType = sourcecode.swift; path = SliderTips.swift; sourceTree = "<group>"; };
		94D29C341C2DBAC200484EAB /* SharingView.swift */ = {isa = PBXFileReference; fileEncoding = 4; lastKnownFileType = sourcecode.swift; path = SharingView.swift; sourceTree = "<group>"; };
		94D29C361C2DC6B300484EAB /* SharingMenuButton.swift */ = {isa = PBXFileReference; fileEncoding = 4; lastKnownFileType = sourcecode.swift; path = SharingMenuButton.swift; sourceTree = "<group>"; };
		94D29C381C2DCB7400484EAB /* sharingButton.png */ = {isa = PBXFileReference; lastKnownFileType = image.png; path = sharingButton.png; sourceTree = "<group>"; };
		94D29C391C2DCB7400484EAB /* pinterest.png */ = {isa = PBXFileReference; lastKnownFileType = image.png; path = pinterest.png; sourceTree = "<group>"; };
		94D29C3A1C2DCB7400484EAB /* twitter.png */ = {isa = PBXFileReference; lastKnownFileType = image.png; path = twitter.png; sourceTree = "<group>"; };
		94D29C3B1C2DCB7400484EAB /* facebook.png */ = {isa = PBXFileReference; lastKnownFileType = image.png; path = facebook.png; sourceTree = "<group>"; };
		94D29C3C1C2DCB7400484EAB /* goBack.png */ = {isa = PBXFileReference; lastKnownFileType = image.png; path = goBack.png; sourceTree = "<group>"; };
		94D29C421C2DD56800484EAB /* SharingButton.swift */ = {isa = PBXFileReference; fileEncoding = 4; lastKnownFileType = sourcecode.swift; path = SharingButton.swift; sourceTree = "<group>"; };
		94D29C441C2DE10400484EAB /* SharingCloseButton.swift */ = {isa = PBXFileReference; fileEncoding = 4; lastKnownFileType = sourcecode.swift; path = SharingCloseButton.swift; sourceTree = "<group>"; };
		94E26BE21C3A888100F096C5 /* NextButton.swift */ = {isa = PBXFileReference; fileEncoding = 4; lastKnownFileType = sourcecode.swift; path = NextButton.swift; sourceTree = "<group>"; };
		94E26BE41C3AA72B00F096C5 /* sisleyLogo.png */ = {isa = PBXFileReference; lastKnownFileType = image.png; path = sisleyLogo.png; sourceTree = "<group>"; };
		94E26BE71C3AB1F500F096C5 /* IntroController.swift */ = {isa = PBXFileReference; fileEncoding = 4; lastKnownFileType = sourcecode.swift; path = IntroController.swift; sourceTree = "<group>"; };
		94E26BEB1C3AB4A100F096C5 /* ConnexionView.swift */ = {isa = PBXFileReference; fileEncoding = 4; lastKnownFileType = sourcecode.swift; path = ConnexionView.swift; sourceTree = "<group>"; };
		94E26BED1C3ACE6C00F096C5 /* Intro.storyboard */ = {isa = PBXFileReference; fileEncoding = 4; lastKnownFileType = file.storyboard; path = Intro.storyboard; sourceTree = "<group>"; };
		94E436211C0DD59600658C61 /* CustomTitle.swift */ = {isa = PBXFileReference; fileEncoding = 4; lastKnownFileType = sourcecode.swift; path = CustomTitle.swift; sourceTree = "<group>"; };
		94F196D41C0C686E00EB5283 /* AngleGradientLayer.h */ = {isa = PBXFileReference; lastKnownFileType = sourcecode.c.h; path = AngleGradientLayer.h; sourceTree = "<group>"; };
		94F196D51C0C689B00EB5283 /* Sisley-Bridging-Header.h */ = {isa = PBXFileReference; lastKnownFileType = sourcecode.c.h; name = "Sisley-Bridging-Header.h"; path = "Sisley/Sisley-Bridging-Header.h"; sourceTree = SOURCE_ROOT; };
		94F196D61C0C689C00EB5283 /* AngleGradientLayer.m */ = {isa = PBXFileReference; fileEncoding = 4; lastKnownFileType = sourcecode.c.objc; path = AngleGradientLayer.m; sourceTree = "<group>"; };
		94FFF4711C3BF78300FBF2EB /* TutorialView.swift */ = {isa = PBXFileReference; fileEncoding = 4; lastKnownFileType = sourcecode.swift; path = TutorialView.swift; sourceTree = "<group>"; };
		94FFF4761C3C842F00FBF2EB /* RecapEtiquetteView.swift */ = {isa = PBXFileReference; fileEncoding = 4; lastKnownFileType = sourcecode.swift; path = RecapEtiquetteView.swift; sourceTree = "<group>"; };
		94FFF4781C3C843800FBF2EB /* RecapView.swift */ = {isa = PBXFileReference; fileEncoding = 4; lastKnownFileType = sourcecode.swift; path = RecapView.swift; sourceTree = "<group>"; };
		94FFF47A1C3C867B00FBF2EB /* RecapHeaderView.swift */ = {isa = PBXFileReference; fileEncoding = 4; lastKnownFileType = sourcecode.swift; path = RecapHeaderView.swift; sourceTree = "<group>"; };
		94FFF47C1C3C872C00FBF2EB /* RecapEtiquetteBodyView.swift */ = {isa = PBXFileReference; fileEncoding = 4; lastKnownFileType = sourcecode.swift; path = RecapEtiquetteBodyView.swift; sourceTree = "<group>"; };
		AD95C1641BECC0400015441E /* Flower.storyboard */ = {isa = PBXFileReference; fileEncoding = 4; lastKnownFileType = file.storyboard; path = Flower.storyboard; sourceTree = "<group>"; };
		AD95C1661BECC0540015441E /* FlowerController.swift */ = {isa = PBXFileReference; fileEncoding = 4; lastKnownFileType = sourcecode.swift; path = FlowerController.swift; sourceTree = "<group>"; };
		ADD9C69B1BE8EBD70026B529 /* Quiz.storyboard */ = {isa = PBXFileReference; fileEncoding = 4; lastKnownFileType = file.storyboard; path = Quiz.storyboard; sourceTree = "<group>"; };
		ADD9C69E1BE8EC0D0026B529 /* QuizController.swift */ = {isa = PBXFileReference; fileEncoding = 4; lastKnownFileType = sourcecode.swift; path = QuizController.swift; sourceTree = "<group>"; };
/* End PBXFileReference section */

/* Begin PBXFrameworksBuildPhase section */
		944E80FA1BD9A43B002D3F20 /* Frameworks */ = {
			isa = PBXFrameworksBuildPhase;
			buildActionMask = 2147483647;
			files = (
			);
			runOnlyForDeploymentPostprocessing = 0;
		};
		944E81111BD9A43B002D3F20 /* Frameworks */ = {
			isa = PBXFrameworksBuildPhase;
			buildActionMask = 2147483647;
			files = (
			);
			runOnlyForDeploymentPostprocessing = 0;
		};
		944E811C1BD9A43B002D3F20 /* Frameworks */ = {
			isa = PBXFrameworksBuildPhase;
			buildActionMask = 2147483647;
			files = (
			);
			runOnlyForDeploymentPostprocessing = 0;
		};
/* End PBXFrameworksBuildPhase section */

/* Begin PBXGroup section */
		942B20331BF0D5F500F62926 /* www */ = {
			isa = PBXGroup;
			children = (
				94ABE0C21C32BA0600224E16 /* 3d_model */,
				94ABE0C31C32BA0600224E16 /* app.css */,
				94ABE0C41C32BA0600224E16 /* app.js */,
				94ABE0C51C32BA0600224E16 /* index.html */,
				94ABE0C61C32BA0600224E16 /* tex */,
			);
			name = www;
			sourceTree = "<group>";
		};
		942B20491BF4D21C00F62926 /* Assets */ = {
			isa = PBXGroup;
			children = (
				948098241C285D29006DAC56 /* Images */,
				942B20501BF4D25C00F62926 /* Fonts */,
			);
			name = Assets;
			sourceTree = "<group>";
		};
		942B20501BF4D25C00F62926 /* Fonts */ = {
			isa = PBXGroup;
			children = (
				942B204A1BF4D22E00F62926 /* Bellota-Bold.otf */,
				942B204B1BF4D22E00F62926 /* Bellota-Light.otf */,
				9467B61A1C2F143C000A7C08 /* Bellota-Italic.otf */,
				942B204C1BF4D22E00F62926 /* Bellota-Regular.otf */,
				942B204D1BF4D22E00F62926 /* Santana-Bold.ttf */,
				942B204E1BF4D22E00F62926 /* Santana.ttf */,
			);
			name = Fonts;
			sourceTree = "<group>";
		};
		944E80F41BD9A43B002D3F20 = {
			isa = PBXGroup;
			children = (
				944E80FF1BD9A43B002D3F20 /* Sisley */,
				944E81171BD9A43B002D3F20 /* SisleyTests */,
				944E81221BD9A43B002D3F20 /* SisleyUITests */,
				944E80FE1BD9A43B002D3F20 /* Products */,
			);
			sourceTree = "<group>";
		};
		944E80FE1BD9A43B002D3F20 /* Products */ = {
			isa = PBXGroup;
			children = (
				944E80FD1BD9A43B002D3F20 /* Sisley.app */,
				944E81141BD9A43B002D3F20 /* SisleyTests.xctest */,
				944E811F1BD9A43B002D3F20 /* SisleyUITests.xctest */,
			);
			name = Products;
			sourceTree = "<group>";
		};
		944E80FF1BD9A43B002D3F20 /* Sisley */ = {
			isa = PBXGroup;
			children = (
				942B20491BF4D21C00F62926 /* Assets */,
				942B20331BF0D5F500F62926 /* www */,
				94AD12F21BF0D0B300B6B1A0 /* Components */,
				ADD9C6931BE8E6260026B529 /* Storyboard */,
				944E81001BD9A43B002D3F20 /* AppDelegate.swift */,
				944E810A1BD9A43B002D3F20 /* Assets.xcassets */,
				944E810F1BD9A43B002D3F20 /* Info.plist */,
				944E81071BD9A43B002D3F20 /* Sisley.xcdatamodeld */,
			);
			path = Sisley;
			sourceTree = "<group>";
		};
		944E81171BD9A43B002D3F20 /* SisleyTests */ = {
			isa = PBXGroup;
			children = (
				944E81181BD9A43B002D3F20 /* SisleyTests.swift */,
				944E811A1BD9A43B002D3F20 /* Info.plist */,
			);
			path = SisleyTests;
			sourceTree = "<group>";
		};
		944E81221BD9A43B002D3F20 /* SisleyUITests */ = {
			isa = PBXGroup;
			children = (
				944E81231BD9A43B002D3F20 /* SisleyUITests.swift */,
				944E81251BD9A43B002D3F20 /* Info.plist */,
			);
			path = SisleyUITests;
			sourceTree = "<group>";
		};
		945468881C0F2C9500881080 /* SliderQuiz */ = {
			isa = PBXGroup;
			children = (
				94F196D61C0C689C00EB5283 /* AngleGradientLayer.m */,
				94F196D41C0C686E00EB5283 /* AngleGradientLayer.h */,
				94F196D51C0C689B00EB5283 /* Sisley-Bridging-Header.h */,
				94AD12F31BF0D0D600B6B1A0 /* CustomSlider.swift */,
				94AD12F51BF0D0E600B6B1A0 /* CustomSliderView.swift */,
				9480976F1C219F6A006DAC56 /* AngleGradientBorderLayer.swift */,
				948097711C21A055006DAC56 /* AngleGradientBorderView.swift */,
			);
			name = SliderQuiz;
			sourceTree = "<group>";
		};
		9467B5FF1C2EDCE0000A7C08 /* Tips */ = {
			isa = PBXGroup;
			children = (
				9467B6001C2EDD08000A7C08 /* TipsController.swift */,
				9467B6021C2F09E9000A7C08 /* Tips.storyboard */,
			);
			name = Tips;
			sourceTree = "<group>";
		};
		9467B6141C2F0D7C000A7C08 /* Products */ = {
			isa = PBXGroup;
			children = (
				9467B6271C320866000A7C08 /* packShot.png */,
			);
			name = Products;
			sourceTree = "<group>";
		};
		9467B6151C2F0DF4000A7C08 /* Tips */ = {
			isa = PBXGroup;
			children = (
				9467B6221C31F9F9000A7C08 /* Pagging */,
				9467B6161C2F0E0D000A7C08 /* HeaderView.swift */,
				9467B6181C2F11B5000A7C08 /* EtiquetteView.swift */,
				9467B61C1C2F1753000A7C08 /* LikeButton.swift */,
				9467B6201C313476000A7C08 /* CarouselController.swift */,
				941465F71C3345F50002BB46 /* ValidateButton.swift */,
				941465F91C334BD40002BB46 /* CloseButton.swift */,
				9445C0FA1C387F9F004156A8 /* ActivityView.swift */,
			);
			name = Tips;
			sourceTree = "<group>";
		};
		9467B6221C31F9F9000A7C08 /* Pagging */ = {
			isa = PBXGroup;
			children = (
				9467B6231C31FA16000A7C08 /* DetailsView.swift */,
				9467B6251C320514000A7C08 /* PackShotView.swift */,
				94ABE0C01C328BAD00224E16 /* CommentView.swift */,
				94ABE0CC1C32BFE900224E16 /* ReactionsView.swift */,
				94ABE0D51C32C23C00224E16 /* ReactionEtiquetteView.swift */,
				94ABE0D71C333A2000224E16 /* DotView.swift */,
			);
			name = Pagging;
			sourceTree = "<group>";
		};
		948098241C285D29006DAC56 /* Images */ = {
			isa = PBXGroup;
			children = (
				94ABE0CE1C32C1AD00224E16 /* Comments */,
				9467B6141C2F0D7C000A7C08 /* Products */,
				948098251C285D31006DAC56 /* Pictos */,
			);
			name = Images;
			sourceTree = "<group>";
		};
		948098251C285D31006DAC56 /* Pictos */ = {
			isa = PBXGroup;
			children = (
				9480982A1C28BC4B006DAC56 /* evolution.png */,
				9467B6041C2F0D5B000A7C08 /* tutoSecond.png */,
				9467B6051C2F0D5B000A7C08 /* tutoFirst.png */,
				9467B6061C2F0D5B000A7C08 /* goBackBlue.png */,
				9467B6081C2F0D5B000A7C08 /* heartFull.png */,
				9467B6091C2F0D5B000A7C08 /* validateActivity.png */,
				94E26BE41C3AA72B00F096C5 /* sisleyLogo.png */,
				9467B60A1C2F0D5B000A7C08 /* heartEmpty.png */,
				9467B60B1C2F0D5B000A7C08 /* purchase.png */,
				9480982B1C28BC4B006DAC56 /* orchidee.png */,
				9480982C1C28BC4B006DAC56 /* profil.png */,
				9480982D1C28BC4B006DAC56 /* soins.png */,
				94D29C381C2DCB7400484EAB /* sharingButton.png */,
				94D29C391C2DCB7400484EAB /* pinterest.png */,
				94D29C3A1C2DCB7400484EAB /* twitter.png */,
				94D29C3B1C2DCB7400484EAB /* facebook.png */,
				94D29C3C1C2DCB7400484EAB /* goBack.png */,
			);
			name = Pictos;
			sourceTree = "<group>";
		};
		94ABE0CE1C32C1AD00224E16 /* Comments */ = {
			isa = PBXGroup;
			children = (
				94ABE0CF1C32C21A00224E16 /* comment2.png */,
				94ABE0D01C32C21A00224E16 /* comment3.png */,
				94ABE0D11C32C21A00224E16 /* comment1.png */,
			);
			name = Comments;
			sourceTree = "<group>";
		};
		94AD12F21BF0D0B300B6B1A0 /* Components */ = {
			isa = PBXGroup;
			children = (
				94CD5C3E1C3D515900BE9751 /* SliderTIps */,
				94FFF4741C3C839800FBF2EB /* Quiz */,
				94FFF4731C3C838F00FBF2EB /* Flower */,
				9467B6151C2F0DF4000A7C08 /* Tips */,
				94D29C471C2DE4D400484EAB /* Menu */,
				94D29C461C2DE4CE00484EAB /* Sharing */,
				945468881C0F2C9500881080 /* SliderQuiz */,
				94E436211C0DD59600658C61 /* CustomTitle.swift */,
				94E26BE21C3A888100F096C5 /* NextButton.swift */,
			);
			name = Components;
			sourceTree = "<group>";
		};
		94CD5C3E1C3D515900BE9751 /* SliderTIps */ = {
			isa = PBXGroup;
			children = (
				94CD5C3F1C3DC79300BE9751 /* SliderTipsView.swift */,
				94CD5C411C3DCCFC00BE9751 /* SliderTipsDotsView.swift */,
				94CD5C431C3DD0A800BE9751 /* SliderTips.swift */,
			);
			name = SliderTIps;
			sourceTree = "<group>";
		};
		94D29C461C2DE4CE00484EAB /* Sharing */ = {
			isa = PBXGroup;
			children = (
				94D29C361C2DC6B300484EAB /* SharingMenuButton.swift */,
				94D29C421C2DD56800484EAB /* SharingButton.swift */,
				94D29C341C2DBAC200484EAB /* SharingView.swift */,
				94D29C441C2DE10400484EAB /* SharingCloseButton.swift */,
			);
			name = Sharing;
			sourceTree = "<group>";
		};
		94D29C471C2DE4D400484EAB /* Menu */ = {
			isa = PBXGroup;
			children = (
				9480978A1C2457EB006DAC56 /* NavigationView.swift */,
				9480978C1C27F370006DAC56 /* NavigationMenuButton.swift */,
				9480978E1C281AA5006DAC56 /* NavigationButton.swift */,
			);
			name = Menu;
			sourceTree = "<group>";
		};
		94E26BE61C3AB1DD00F096C5 /* Intro */ = {
			isa = PBXGroup;
			children = (
				94E26BE71C3AB1F500F096C5 /* IntroController.swift */,
				94E26BEB1C3AB4A100F096C5 /* ConnexionView.swift */,
				94E26BED1C3ACE6C00F096C5 /* Intro.storyboard */,
			);
			name = Intro;
			sourceTree = "<group>";
		};
		94FFF4731C3C838F00FBF2EB /* Flower */ = {
			isa = PBXGroup;
			children = (
				94AD12F71BF0D10600B6B1A0 /* CustomWebViewController.swift */,
				94FFF4761C3C842F00FBF2EB /* RecapEtiquetteView.swift */,
				94FFF4781C3C843800FBF2EB /* RecapView.swift */,
				94FFF47A1C3C867B00FBF2EB /* RecapHeaderView.swift */,
				94FFF47C1C3C872C00FBF2EB /* RecapEtiquetteBodyView.swift */,
			);
			name = Flower;
			sourceTree = "<group>";
		};
		94FFF4741C3C839800FBF2EB /* Quiz */ = {
			isa = PBXGroup;
			children = (
				94FFF4711C3BF78300FBF2EB /* TutorialView.swift */,
			);
			name = Quiz;
			sourceTree = "<group>";
		};
		AD95C1631BECC00F0015441E /* Flower */ = {
			isa = PBXGroup;
			children = (
				AD95C1661BECC0540015441E /* FlowerController.swift */,
				AD95C1641BECC0400015441E /* Flower.storyboard */,
			);
			name = Flower;
			sourceTree = "<group>";
		};
		ADD9C6931BE8E6260026B529 /* Storyboard */ = {
			isa = PBXGroup;
			children = (
				ADD9C69A1BE8E8170026B529 /* Quiz */,
				9467B5FF1C2EDCE0000A7C08 /* Tips */,
				94E26BE61C3AB1DD00F096C5 /* Intro */,
				AD95C1631BECC00F0015441E /* Flower */,
			);
			name = Storyboard;
			sourceTree = "<group>";
		};
		ADD9C69A1BE8E8170026B529 /* Quiz */ = {
			isa = PBXGroup;
			children = (
				ADD9C69E1BE8EC0D0026B529 /* QuizController.swift */,
				ADD9C69B1BE8EBD70026B529 /* Quiz.storyboard */,
			);
			name = Quiz;
			sourceTree = "<group>";
		};
/* End PBXGroup section */

/* Begin PBXNativeTarget section */
		944E80FC1BD9A43B002D3F20 /* Sisley */ = {
			isa = PBXNativeTarget;
			buildConfigurationList = 944E81281BD9A43B002D3F20 /* Build configuration list for PBXNativeTarget "Sisley" */;
			buildPhases = (
				944E80F91BD9A43B002D3F20 /* Sources */,
				944E80FA1BD9A43B002D3F20 /* Frameworks */,
				944E80FB1BD9A43B002D3F20 /* Resources */,
			);
			buildRules = (
			);
			dependencies = (
			);
			name = Sisley;
			productName = Sisley;
			productReference = 944E80FD1BD9A43B002D3F20 /* Sisley.app */;
			productType = "com.apple.product-type.application";
		};
		944E81131BD9A43B002D3F20 /* SisleyTests */ = {
			isa = PBXNativeTarget;
			buildConfigurationList = 944E812B1BD9A43B002D3F20 /* Build configuration list for PBXNativeTarget "SisleyTests" */;
			buildPhases = (
				944E81101BD9A43B002D3F20 /* Sources */,
				944E81111BD9A43B002D3F20 /* Frameworks */,
				944E81121BD9A43B002D3F20 /* Resources */,
			);
			buildRules = (
			);
			dependencies = (
				944E81161BD9A43B002D3F20 /* PBXTargetDependency */,
			);
			name = SisleyTests;
			productName = SisleyTests;
			productReference = 944E81141BD9A43B002D3F20 /* SisleyTests.xctest */;
			productType = "com.apple.product-type.bundle.unit-test";
		};
		944E811E1BD9A43B002D3F20 /* SisleyUITests */ = {
			isa = PBXNativeTarget;
			buildConfigurationList = 944E812E1BD9A43B002D3F20 /* Build configuration list for PBXNativeTarget "SisleyUITests" */;
			buildPhases = (
				944E811B1BD9A43B002D3F20 /* Sources */,
				944E811C1BD9A43B002D3F20 /* Frameworks */,
				944E811D1BD9A43B002D3F20 /* Resources */,
			);
			buildRules = (
			);
			dependencies = (
				944E81211BD9A43B002D3F20 /* PBXTargetDependency */,
			);
			name = SisleyUITests;
			productName = SisleyUITests;
			productReference = 944E811F1BD9A43B002D3F20 /* SisleyUITests.xctest */;
			productType = "com.apple.product-type.bundle.ui-testing";
		};
/* End PBXNativeTarget section */

/* Begin PBXProject section */
		944E80F51BD9A43B002D3F20 /* Project object */ = {
			isa = PBXProject;
			attributes = {
				LastSwiftUpdateCheck = 0710;
				LastUpgradeCheck = 0700;
				ORGANIZATIONNAME = "Soufiane Lasri";
				TargetAttributes = {
					944E80FC1BD9A43B002D3F20 = {
						CreatedOnToolsVersion = 7.0.1;
						DevelopmentTeam = J3XBHBS2NR;
					};
					944E81131BD9A43B002D3F20 = {
						CreatedOnToolsVersion = 7.0.1;
						TestTargetID = 944E80FC1BD9A43B002D3F20;
					};
					944E811E1BD9A43B002D3F20 = {
						CreatedOnToolsVersion = 7.0.1;
						TestTargetID = 944E80FC1BD9A43B002D3F20;
					};
				};
			};
			buildConfigurationList = 944E80F81BD9A43B002D3F20 /* Build configuration list for PBXProject "Sisley" */;
			compatibilityVersion = "Xcode 3.2";
			developmentRegion = English;
			hasScannedForEncodings = 0;
			knownRegions = (
				en,
				Base,
			);
			mainGroup = 944E80F41BD9A43B002D3F20;
			productRefGroup = 944E80FE1BD9A43B002D3F20 /* Products */;
			projectDirPath = "";
			projectRoot = "";
			targets = (
				944E80FC1BD9A43B002D3F20 /* Sisley */,
				944E81131BD9A43B002D3F20 /* SisleyTests */,
				944E811E1BD9A43B002D3F20 /* SisleyUITests */,
			);
		};
/* End PBXProject section */

/* Begin PBXResourcesBuildPhase section */
		944E80FB1BD9A43B002D3F20 /* Resources */ = {
			isa = PBXResourcesBuildPhase;
			buildActionMask = 2147483647;
			files = (
				94ABE0CB1C32BA0600224E16 /* tex in Resources */,
				94ABE0CA1C32BA0600224E16 /* index.html in Resources */,
				9467B61B1C2F1476000A7C08 /* Bellota-Italic.otf in Resources */,
				94D29C3F1C2DCB7400484EAB /* twitter.png in Resources */,
				94D29C401C2DCB7400484EAB /* facebook.png in Resources */,
				94ABE0D21C32C21A00224E16 /* comment2.png in Resources */,
				9467B6131C2F0D5B000A7C08 /* purchase.png in Resources */,
				9467B6121C2F0D5B000A7C08 /* heartEmpty.png in Resources */,
				9480982E1C28BC4B006DAC56 /* evolution.png in Resources */,
				942B20551BF4D26700F62926 /* Bellota-Bold.otf in Resources */,
				94E26BEE1C3ACE6C00F096C5 /* Intro.storyboard in Resources */,
				94D29C3E1C2DCB7400484EAB /* pinterest.png in Resources */,
				9467B60D1C2F0D5B000A7C08 /* tutoFirst.png in Resources */,
				948098311C28BC4B006DAC56 /* soins.png in Resources */,
				9467B6281C320866000A7C08 /* packShot.png in Resources */,
				9480982F1C28BC4B006DAC56 /* orchidee.png in Resources */,
				ADD9C69C1BE8EBD70026B529 /* Quiz.storyboard in Resources */,
				94D29C3D1C2DCB7400484EAB /* sharingButton.png in Resources */,
				94ABE0C71C32BA0600224E16 /* 3d_model in Resources */,
				94E26BE51C3AA72B00F096C5 /* sisleyLogo.png in Resources */,
				9467B60E1C2F0D5B000A7C08 /* goBackBlue.png in Resources */,
				94ABE0D41C32C21A00224E16 /* comment1.png in Resources */,
				942B20561BF4D26700F62926 /* Bellota-Light.otf in Resources */,
				942B20581BF4D26700F62926 /* Santana-Bold.ttf in Resources */,
				94ABE0C91C32BA0600224E16 /* app.js in Resources */,
				944E810B1BD9A43B002D3F20 /* Assets.xcassets in Resources */,
				948098301C28BC4B006DAC56 /* profil.png in Resources */,
				942B20571BF4D26700F62926 /* Bellota-Regular.otf in Resources */,
				9467B6031C2F09E9000A7C08 /* Tips.storyboard in Resources */,
				94ABE0D31C32C21A00224E16 /* comment3.png in Resources */,
				94D29C411C2DCB7400484EAB /* goBack.png in Resources */,
				AD95C1651BECC0400015441E /* Flower.storyboard in Resources */,
				94ABE0C81C32BA0600224E16 /* app.css in Resources */,
				9467B6101C2F0D5B000A7C08 /* heartFull.png in Resources */,
				942B20591BF4D26700F62926 /* Santana.ttf in Resources */,
				9467B60C1C2F0D5B000A7C08 /* tutoSecond.png in Resources */,
				9467B6111C2F0D5B000A7C08 /* validateActivity.png in Resources */,
			);
			runOnlyForDeploymentPostprocessing = 0;
		};
		944E81121BD9A43B002D3F20 /* Resources */ = {
			isa = PBXResourcesBuildPhase;
			buildActionMask = 2147483647;
			files = (
			);
			runOnlyForDeploymentPostprocessing = 0;
		};
		944E811D1BD9A43B002D3F20 /* Resources */ = {
			isa = PBXResourcesBuildPhase;
			buildActionMask = 2147483647;
			files = (
			);
			runOnlyForDeploymentPostprocessing = 0;
		};
/* End PBXResourcesBuildPhase section */

/* Begin PBXSourcesBuildPhase section */
		944E80F91BD9A43B002D3F20 /* Sources */ = {
			isa = PBXSourcesBuildPhase;
			buildActionMask = 2147483647;
			files = (
				94ABE0D61C32C23C00224E16 /* ReactionEtiquetteView.swift in Sources */,
				9467B61D1C2F1753000A7C08 /* LikeButton.swift in Sources */,
				94E26BE81C3AB1F500F096C5 /* IntroController.swift in Sources */,
				9467B6191C2F11B5000A7C08 /* EtiquetteView.swift in Sources */,
				94CD5C401C3DC79300BE9751 /* SliderTipsView.swift in Sources */,
				94E26BEC1C3AB4A100F096C5 /* ConnexionView.swift in Sources */,
				94F196D71C0C689C00EB5283 /* AngleGradientLayer.m in Sources */,
				9445C0FB1C387F9F004156A8 /* ActivityView.swift in Sources */,
				94ABE0D81C333A2000224E16 /* DotView.swift in Sources */,
				94AD12F41BF0D0D600B6B1A0 /* CustomSlider.swift in Sources */,
				948097721C21A055006DAC56 /* AngleGradientBorderView.swift in Sources */,
				9467B6011C2EDD08000A7C08 /* TipsController.swift in Sources */,
				9467B6171C2F0E0D000A7C08 /* HeaderView.swift in Sources */,
				94AD12F61BF0D0E600B6B1A0 /* CustomSliderView.swift in Sources */,
				9467B6211C313476000A7C08 /* CarouselController.swift in Sources */,
				941465F81C3345F50002BB46 /* ValidateButton.swift in Sources */,
				94FFF4791C3C843800FBF2EB /* RecapView.swift in Sources */,
				94FFF47D1C3C872C00FBF2EB /* RecapEtiquetteBodyView.swift in Sources */,
				94E26BE31C3A888100F096C5 /* NextButton.swift in Sources */,
				94FFF4771C3C842F00FBF2EB /* RecapEtiquetteView.swift in Sources */,
				94ABE0CD1C32BFE900224E16 /* ReactionsView.swift in Sources */,
				9480978D1C27F370006DAC56 /* NavigationMenuButton.swift in Sources */,
				94AD12F81BF0D10600B6B1A0 /* CustomWebViewController.swift in Sources */,
				AD95C1671BECC0540015441E /* FlowerController.swift in Sources */,
				9480978F1C281AA5006DAC56 /* NavigationButton.swift in Sources */,
				94D29C351C2DBAC200484EAB /* SharingView.swift in Sources */,
				94CD5C441C3DD0A800BE9751 /* SliderTips.swift in Sources */,
				94ABE0C11C328BAD00224E16 /* CommentView.swift in Sources */,
				9467B6261C320514000A7C08 /* PackShotView.swift in Sources */,
				948097701C219F6A006DAC56 /* AngleGradientBorderLayer.swift in Sources */,
				94FFF4721C3BF78300FBF2EB /* TutorialView.swift in Sources */,
				941465FA1C334BD40002BB46 /* CloseButton.swift in Sources */,
				ADD9C69F1BE8EC0D0026B529 /* QuizController.swift in Sources */,
				94FFF47B1C3C867B00FBF2EB /* RecapHeaderView.swift in Sources */,
				94D29C371C2DC6B300484EAB /* SharingMenuButton.swift in Sources */,
				9467B6241C31FA16000A7C08 /* DetailsView.swift in Sources */,
				944E81091BD9A43B002D3F20 /* Sisley.xcdatamodeld in Sources */,
				9480978B1C2457EB006DAC56 /* NavigationView.swift in Sources */,
				94D29C431C2DD56800484EAB /* SharingButton.swift in Sources */,
				94D29C451C2DE10400484EAB /* SharingCloseButton.swift in Sources */,
				94CD5C421C3DCCFC00BE9751 /* SliderTipsDotsView.swift in Sources */,
				944E81011BD9A43B002D3F20 /* AppDelegate.swift in Sources */,
				94E436221C0DD59600658C61 /* CustomTitle.swift in Sources */,
			);
			runOnlyForDeploymentPostprocessing = 0;
		};
		944E81101BD9A43B002D3F20 /* Sources */ = {
			isa = PBXSourcesBuildPhase;
			buildActionMask = 2147483647;
			files = (
				944E81191BD9A43B002D3F20 /* SisleyTests.swift in Sources */,
			);
			runOnlyForDeploymentPostprocessing = 0;
		};
		944E811B1BD9A43B002D3F20 /* Sources */ = {
			isa = PBXSourcesBuildPhase;
			buildActionMask = 2147483647;
			files = (
				944E81241BD9A43B002D3F20 /* SisleyUITests.swift in Sources */,
			);
			runOnlyForDeploymentPostprocessing = 0;
		};
/* End PBXSourcesBuildPhase section */

/* Begin PBXTargetDependency section */
		944E81161BD9A43B002D3F20 /* PBXTargetDependency */ = {
			isa = PBXTargetDependency;
			target = 944E80FC1BD9A43B002D3F20 /* Sisley */;
			targetProxy = 944E81151BD9A43B002D3F20 /* PBXContainerItemProxy */;
		};
		944E81211BD9A43B002D3F20 /* PBXTargetDependency */ = {
			isa = PBXTargetDependency;
			target = 944E80FC1BD9A43B002D3F20 /* Sisley */;
			targetProxy = 944E81201BD9A43B002D3F20 /* PBXContainerItemProxy */;
		};
/* End PBXTargetDependency section */

/* Begin XCBuildConfiguration section */
		944E81261BD9A43B002D3F20 /* Debug */ = {
			isa = XCBuildConfiguration;
			buildSettings = {
				ALWAYS_SEARCH_USER_PATHS = NO;
				CLANG_CXX_LANGUAGE_STANDARD = "gnu++0x";
				CLANG_CXX_LIBRARY = "libc++";
				CLANG_ENABLE_MODULES = YES;
				CLANG_ENABLE_OBJC_ARC = YES;
				CLANG_WARN_BOOL_CONVERSION = YES;
				CLANG_WARN_CONSTANT_CONVERSION = YES;
				CLANG_WARN_DIRECT_OBJC_ISA_USAGE = YES_ERROR;
				CLANG_WARN_EMPTY_BODY = YES;
				CLANG_WARN_ENUM_CONVERSION = YES;
				CLANG_WARN_INT_CONVERSION = YES;
				CLANG_WARN_OBJC_ROOT_CLASS = YES_ERROR;
				CLANG_WARN_UNREACHABLE_CODE = YES;
				CLANG_WARN__DUPLICATE_METHOD_MATCH = YES;
				"CODE_SIGN_IDENTITY[sdk=iphoneos*]" = "iPhone Developer";
				COPY_PHASE_STRIP = NO;
				DEBUG_INFORMATION_FORMAT = dwarf;
				ENABLE_STRICT_OBJC_MSGSEND = YES;
				ENABLE_TESTABILITY = YES;
				GCC_C_LANGUAGE_STANDARD = gnu99;
				GCC_DYNAMIC_NO_PIC = NO;
				GCC_NO_COMMON_BLOCKS = YES;
				GCC_OPTIMIZATION_LEVEL = 0;
				GCC_PREPROCESSOR_DEFINITIONS = (
					"DEBUG=1",
					"$(inherited)",
				);
				GCC_WARN_64_TO_32_BIT_CONVERSION = YES;
				GCC_WARN_ABOUT_RETURN_TYPE = YES_ERROR;
				GCC_WARN_UNDECLARED_SELECTOR = YES;
				GCC_WARN_UNINITIALIZED_AUTOS = YES_AGGRESSIVE;
				GCC_WARN_UNUSED_FUNCTION = YES;
				GCC_WARN_UNUSED_VARIABLE = YES;
				IPHONEOS_DEPLOYMENT_TARGET = 9.0;
				MTL_ENABLE_DEBUG_INFO = YES;
				ONLY_ACTIVE_ARCH = YES;
				SDKROOT = iphoneos;
				SWIFT_OPTIMIZATION_LEVEL = "-Onone";
			};
			name = Debug;
		};
		944E81271BD9A43B002D3F20 /* Release */ = {
			isa = XCBuildConfiguration;
			buildSettings = {
				ALWAYS_SEARCH_USER_PATHS = NO;
				CLANG_CXX_LANGUAGE_STANDARD = "gnu++0x";
				CLANG_CXX_LIBRARY = "libc++";
				CLANG_ENABLE_MODULES = YES;
				CLANG_ENABLE_OBJC_ARC = YES;
				CLANG_WARN_BOOL_CONVERSION = YES;
				CLANG_WARN_CONSTANT_CONVERSION = YES;
				CLANG_WARN_DIRECT_OBJC_ISA_USAGE = YES_ERROR;
				CLANG_WARN_EMPTY_BODY = YES;
				CLANG_WARN_ENUM_CONVERSION = YES;
				CLANG_WARN_INT_CONVERSION = YES;
				CLANG_WARN_OBJC_ROOT_CLASS = YES_ERROR;
				CLANG_WARN_UNREACHABLE_CODE = YES;
				CLANG_WARN__DUPLICATE_METHOD_MATCH = YES;
				"CODE_SIGN_IDENTITY[sdk=iphoneos*]" = "iPhone Developer";
				COPY_PHASE_STRIP = NO;
				DEBUG_INFORMATION_FORMAT = "dwarf-with-dsym";
				ENABLE_NS_ASSERTIONS = NO;
				ENABLE_STRICT_OBJC_MSGSEND = YES;
				GCC_C_LANGUAGE_STANDARD = gnu99;
				GCC_NO_COMMON_BLOCKS = YES;
				GCC_WARN_64_TO_32_BIT_CONVERSION = YES;
				GCC_WARN_ABOUT_RETURN_TYPE = YES_ERROR;
				GCC_WARN_UNDECLARED_SELECTOR = YES;
				GCC_WARN_UNINITIALIZED_AUTOS = YES_AGGRESSIVE;
				GCC_WARN_UNUSED_FUNCTION = YES;
				GCC_WARN_UNUSED_VARIABLE = YES;
				IPHONEOS_DEPLOYMENT_TARGET = 9.0;
				MTL_ENABLE_DEBUG_INFO = NO;
				SDKROOT = iphoneos;
				VALIDATE_PRODUCT = YES;
			};
			name = Release;
		};
		944E81291BD9A43B002D3F20 /* Debug */ = {
			isa = XCBuildConfiguration;
			buildSettings = {
				ASSETCATALOG_COMPILER_APPICON_NAME = AppIcon;
				ASSETCATALOG_COMPILER_LAUNCHIMAGE_NAME = LaunchImage;
				CLANG_ENABLE_MODULES = YES;
				CODE_SIGN_IDENTITY = "iPhone Developer";
				"CODE_SIGN_IDENTITY[sdk=iphoneos*]" = "iPhone Developer";
				INFOPLIST_FILE = Sisley/Info.plist;
				LD_RUNPATH_SEARCH_PATHS = "$(inherited) @executable_path/Frameworks";
				PRODUCT_BUNDLE_IDENTIFIER = com.gobs.Sisley;
				PRODUCT_NAME = "$(TARGET_NAME)";
				PROVISIONING_PROFILE = "";
				SWIFT_OBJC_BRIDGING_HEADER = "Sisley/Sisley-Bridging-Header.h";
				SWIFT_OPTIMIZATION_LEVEL = "-Onone";
				TARGETED_DEVICE_FAMILY = 1;
			};
			name = Debug;
		};
		944E812A1BD9A43B002D3F20 /* Release */ = {
			isa = XCBuildConfiguration;
			buildSettings = {
				ASSETCATALOG_COMPILER_APPICON_NAME = AppIcon;
				ASSETCATALOG_COMPILER_LAUNCHIMAGE_NAME = LaunchImage;
				CLANG_ENABLE_MODULES = YES;
				CODE_SIGN_IDENTITY = "iPhone Developer";
				"CODE_SIGN_IDENTITY[sdk=iphoneos*]" = "iPhone Developer";
				INFOPLIST_FILE = Sisley/Info.plist;
				LD_RUNPATH_SEARCH_PATHS = "$(inherited) @executable_path/Frameworks";
				PRODUCT_BUNDLE_IDENTIFIER = com.gobs.Sisley;
				PRODUCT_NAME = "$(TARGET_NAME)";
				PROVISIONING_PROFILE = "";
				SWIFT_OBJC_BRIDGING_HEADER = "Sisley/Sisley-Bridging-Header.h";
				TARGETED_DEVICE_FAMILY = 1;
			};
			name = Release;
		};
		944E812C1BD9A43B002D3F20 /* Debug */ = {
			isa = XCBuildConfiguration;
			buildSettings = {
				BUNDLE_LOADER = "$(TEST_HOST)";
				INFOPLIST_FILE = SisleyTests/Info.plist;
				LD_RUNPATH_SEARCH_PATHS = "$(inherited) @executable_path/Frameworks @loader_path/Frameworks";
				PRODUCT_BUNDLE_IDENTIFIER = com.gobs.SisleyTests;
				PRODUCT_NAME = "$(TARGET_NAME)";
				TEST_HOST = "$(BUILT_PRODUCTS_DIR)/Sisley.app/Sisley";
			};
			name = Debug;
		};
		944E812D1BD9A43B002D3F20 /* Release */ = {
			isa = XCBuildConfiguration;
			buildSettings = {
				BUNDLE_LOADER = "$(TEST_HOST)";
				INFOPLIST_FILE = SisleyTests/Info.plist;
				LD_RUNPATH_SEARCH_PATHS = "$(inherited) @executable_path/Frameworks @loader_path/Frameworks";
				PRODUCT_BUNDLE_IDENTIFIER = com.gobs.SisleyTests;
				PRODUCT_NAME = "$(TARGET_NAME)";
				TEST_HOST = "$(BUILT_PRODUCTS_DIR)/Sisley.app/Sisley";
			};
			name = Release;
		};
		944E812F1BD9A43B002D3F20 /* Debug */ = {
			isa = XCBuildConfiguration;
			buildSettings = {
				INFOPLIST_FILE = SisleyUITests/Info.plist;
				LD_RUNPATH_SEARCH_PATHS = "$(inherited) @executable_path/Frameworks @loader_path/Frameworks";
				PRODUCT_BUNDLE_IDENTIFIER = com.gobs.SisleyUITests;
				PRODUCT_NAME = "$(TARGET_NAME)";
				TEST_TARGET_NAME = Sisley;
				USES_XCTRUNNER = YES;
			};
			name = Debug;
		};
		944E81301BD9A43B002D3F20 /* Release */ = {
			isa = XCBuildConfiguration;
			buildSettings = {
				INFOPLIST_FILE = SisleyUITests/Info.plist;
				LD_RUNPATH_SEARCH_PATHS = "$(inherited) @executable_path/Frameworks @loader_path/Frameworks";
				PRODUCT_BUNDLE_IDENTIFIER = com.gobs.SisleyUITests;
				PRODUCT_NAME = "$(TARGET_NAME)";
				TEST_TARGET_NAME = Sisley;
				USES_XCTRUNNER = YES;
			};
			name = Release;
		};
/* End XCBuildConfiguration section */

/* Begin XCConfigurationList section */
		944E80F81BD9A43B002D3F20 /* Build configuration list for PBXProject "Sisley" */ = {
			isa = XCConfigurationList;
			buildConfigurations = (
				944E81261BD9A43B002D3F20 /* Debug */,
				944E81271BD9A43B002D3F20 /* Release */,
			);
			defaultConfigurationIsVisible = 0;
			defaultConfigurationName = Release;
		};
		944E81281BD9A43B002D3F20 /* Build configuration list for PBXNativeTarget "Sisley" */ = {
			isa = XCConfigurationList;
			buildConfigurations = (
				944E81291BD9A43B002D3F20 /* Debug */,
				944E812A1BD9A43B002D3F20 /* Release */,
			);
			defaultConfigurationIsVisible = 0;
			defaultConfigurationName = Release;
		};
		944E812B1BD9A43B002D3F20 /* Build configuration list for PBXNativeTarget "SisleyTests" */ = {
			isa = XCConfigurationList;
			buildConfigurations = (
				944E812C1BD9A43B002D3F20 /* Debug */,
				944E812D1BD9A43B002D3F20 /* Release */,
			);
			defaultConfigurationIsVisible = 0;
			defaultConfigurationName = Release;
		};
		944E812E1BD9A43B002D3F20 /* Build configuration list for PBXNativeTarget "SisleyUITests" */ = {
			isa = XCConfigurationList;
			buildConfigurations = (
				944E812F1BD9A43B002D3F20 /* Debug */,
				944E81301BD9A43B002D3F20 /* Release */,
			);
			defaultConfigurationIsVisible = 0;
			defaultConfigurationName = Release;
		};
/* End XCConfigurationList section */

/* Begin XCVersionGroup section */
		944E81071BD9A43B002D3F20 /* Sisley.xcdatamodeld */ = {
			isa = XCVersionGroup;
			children = (
				944E81081BD9A43B002D3F20 /* Sisley.xcdatamodel */,
			);
			currentVersion = 944E81081BD9A43B002D3F20 /* Sisley.xcdatamodel */;
			path = Sisley.xcdatamodeld;
			sourceTree = "<group>";
			versionGroupType = wrapper.xcdatamodel;
		};
/* End XCVersionGroup section */
	};
	rootObject = 944E80F51BD9A43B002D3F20 /* Project object */;
}
