// !$*UTF8*$!
{
	archiveVersion = 1;
	classes = {
	};
	objectVersion = 46;
	objects = {

/* Begin PBXBuildFile section */
		942B203A1BF0D60E00F62926 /* 3d_model in Resources */ = {isa = PBXBuildFile; fileRef = 942B20341BF0D60E00F62926 /* 3d_model */; };
		942B203B1BF0D60E00F62926 /* app.css in Resources */ = {isa = PBXBuildFile; fileRef = 942B20351BF0D60E00F62926 /* app.css */; };
		942B203C1BF0D60E00F62926 /* app.js in Resources */ = {isa = PBXBuildFile; fileRef = 942B20371BF0D60E00F62926 /* app.js */; };
		942B203D1BF0D60E00F62926 /* index.html in Resources */ = {isa = PBXBuildFile; fileRef = 942B20391BF0D60E00F62926 /* index.html */; };
		942B20551BF4D26700F62926 /* Bellota-Bold.otf in Resources */ = {isa = PBXBuildFile; fileRef = 942B204A1BF4D22E00F62926 /* Bellota-Bold.otf */; };
		942B20561BF4D26700F62926 /* Bellota-Light.otf in Resources */ = {isa = PBXBuildFile; fileRef = 942B204B1BF4D22E00F62926 /* Bellota-Light.otf */; };
		942B20571BF4D26700F62926 /* Bellota-Regular.otf in Resources */ = {isa = PBXBuildFile; fileRef = 942B204C1BF4D22E00F62926 /* Bellota-Regular.otf */; };
		942B20581BF4D26700F62926 /* Santana-Bold.ttf in Resources */ = {isa = PBXBuildFile; fileRef = 942B204D1BF4D22E00F62926 /* Santana-Bold.ttf */; };
		942B20591BF4D26700F62926 /* Santana.ttf in Resources */ = {isa = PBXBuildFile; fileRef = 942B204E1BF4D22E00F62926 /* Santana.ttf */; };
		944E81011BD9A43B002D3F20 /* AppDelegate.swift in Sources */ = {isa = PBXBuildFile; fileRef = 944E81001BD9A43B002D3F20 /* AppDelegate.swift */; };
		944E81031BD9A43B002D3F20 /* MainController.swift in Sources */ = {isa = PBXBuildFile; fileRef = 944E81021BD9A43B002D3F20 /* MainController.swift */; };
		944E81061BD9A43B002D3F20 /* Main.storyboard in Resources */ = {isa = PBXBuildFile; fileRef = 944E81041BD9A43B002D3F20 /* Main.storyboard */; };
		944E81091BD9A43B002D3F20 /* Sisley.xcdatamodeld in Sources */ = {isa = PBXBuildFile; fileRef = 944E81071BD9A43B002D3F20 /* Sisley.xcdatamodeld */; };
		944E810B1BD9A43B002D3F20 /* Assets.xcassets in Resources */ = {isa = PBXBuildFile; fileRef = 944E810A1BD9A43B002D3F20 /* Assets.xcassets */; };
		944E81191BD9A43B002D3F20 /* SisleyTests.swift in Sources */ = {isa = PBXBuildFile; fileRef = 944E81181BD9A43B002D3F20 /* SisleyTests.swift */; };
		944E81241BD9A43B002D3F20 /* SisleyUITests.swift in Sources */ = {isa = PBXBuildFile; fileRef = 944E81231BD9A43B002D3F20 /* SisleyUITests.swift */; };
		94AD12F41BF0D0D600B6B1A0 /* CustomSlider.swift in Sources */ = {isa = PBXBuildFile; fileRef = 94AD12F31BF0D0D600B6B1A0 /* CustomSlider.swift */; };
		94AD12F61BF0D0E600B6B1A0 /* CustomSliderView.swift in Sources */ = {isa = PBXBuildFile; fileRef = 94AD12F51BF0D0E600B6B1A0 /* CustomSliderView.swift */; };
		94AD12F81BF0D10600B6B1A0 /* CustomWebViewController.swift in Sources */ = {isa = PBXBuildFile; fileRef = 94AD12F71BF0D10600B6B1A0 /* CustomWebViewController.swift */; };
		94E436221C0DD59600658C61 /* UITitle.swift in Sources */ = {isa = PBXBuildFile; fileRef = 94E436211C0DD59600658C61 /* UITitle.swift */; };
		94F196D71C0C689C00EB5283 /* AngleGradientLayer.m in Sources */ = {isa = PBXBuildFile; fileRef = 94F196D61C0C689C00EB5283 /* AngleGradientLayer.m */; };
		94F196D91C0C8CA100EB5283 /* AngleGradientBorderLayer.swift in Sources */ = {isa = PBXBuildFile; fileRef = 94F196D81C0C8CA100EB5283 /* AngleGradientBorderLayer.swift */; };
		94F196DB1C0C8D3000EB5283 /* AngleGradientBorderView.swift in Sources */ = {isa = PBXBuildFile; fileRef = 94F196DA1C0C8D3000EB5283 /* AngleGradientBorderView.swift */; };
		AD95C1601BECBD6B0015441E /* Menu.storyboard in Resources */ = {isa = PBXBuildFile; fileRef = AD95C15F1BECBD6B0015441E /* Menu.storyboard */; };
		AD95C1621BECBD7A0015441E /* MenuController.swift in Sources */ = {isa = PBXBuildFile; fileRef = AD95C1611BECBD7A0015441E /* MenuController.swift */; };
		AD95C1651BECC0400015441E /* Flower.storyboard in Resources */ = {isa = PBXBuildFile; fileRef = AD95C1641BECC0400015441E /* Flower.storyboard */; };
		AD95C1671BECC0540015441E /* FlowerController.swift in Sources */ = {isa = PBXBuildFile; fileRef = AD95C1661BECC0540015441E /* FlowerController.swift */; };
		ADD9C6971BE8E6EB0026B529 /* Connection.storyboard in Resources */ = {isa = PBXBuildFile; fileRef = ADD9C6961BE8E6EB0026B529 /* Connection.storyboard */; };
		ADD9C6991BE8E7050026B529 /* ConnectionController.swift in Sources */ = {isa = PBXBuildFile; fileRef = ADD9C6981BE8E7050026B529 /* ConnectionController.swift */; };
		ADD9C69C1BE8EBD70026B529 /* Quiz.storyboard in Resources */ = {isa = PBXBuildFile; fileRef = ADD9C69B1BE8EBD70026B529 /* Quiz.storyboard */; };
		ADD9C69F1BE8EC0D0026B529 /* QuizController.swift in Sources */ = {isa = PBXBuildFile; fileRef = ADD9C69E1BE8EC0D0026B529 /* QuizController.swift */; };
		ADD9C6A21BE8F3850026B529 /* UserModel.swift in Sources */ = {isa = PBXBuildFile; fileRef = ADD9C6A11BE8F3850026B529 /* UserModel.swift */; };
/* End PBXBuildFile section */

/* Begin PBXContainerItemProxy section */
		944E81151BD9A43B002D3F20 /* PBXContainerItemProxy */ = {
			isa = PBXContainerItemProxy;
			containerPortal = 944E80F51BD9A43B002D3F20 /* Project object */;
			proxyType = 1;
			remoteGlobalIDString = 944E80FC1BD9A43B002D3F20;
			remoteInfo = Sisley;
		};
		944E81201BD9A43B002D3F20 /* PBXContainerItemProxy */ = {
			isa = PBXContainerItemProxy;
			containerPortal = 944E80F51BD9A43B002D3F20 /* Project object */;
			proxyType = 1;
			remoteGlobalIDString = 944E80FC1BD9A43B002D3F20;
			remoteInfo = Sisley;
		};
/* End PBXContainerItemProxy section */

/* Begin PBXFileReference section */
		942B20341BF0D60E00F62926 /* 3d_model */ = {isa = PBXFileReference; lastKnownFileType = folder; name = 3d_model; path = www/orchidGenerator/public/3d_model; sourceTree = "<group>"; };
		942B20351BF0D60E00F62926 /* app.css */ = {isa = PBXFileReference; fileEncoding = 4; lastKnownFileType = text.css; name = app.css; path = www/orchidGenerator/public/app.css; sourceTree = "<group>"; };
		942B20371BF0D60E00F62926 /* app.js */ = {isa = PBXFileReference; fileEncoding = 4; lastKnownFileType = sourcecode.javascript; name = app.js; path = www/orchidGenerator/public/app.js; sourceTree = "<group>"; };
		942B20391BF0D60E00F62926 /* index.html */ = {isa = PBXFileReference; fileEncoding = 4; lastKnownFileType = text.html; name = index.html; path = www/orchidGenerator/public/index.html; sourceTree = "<group>"; };
		942B204A1BF4D22E00F62926 /* Bellota-Bold.otf */ = {isa = PBXFileReference; lastKnownFileType = file; path = "Bellota-Bold.otf"; sourceTree = "<group>"; };
		942B204B1BF4D22E00F62926 /* Bellota-Light.otf */ = {isa = PBXFileReference; lastKnownFileType = file; path = "Bellota-Light.otf"; sourceTree = "<group>"; };
		942B204C1BF4D22E00F62926 /* Bellota-Regular.otf */ = {isa = PBXFileReference; lastKnownFileType = file; path = "Bellota-Regular.otf"; sourceTree = "<group>"; };
		942B204D1BF4D22E00F62926 /* Santana-Bold.ttf */ = {isa = PBXFileReference; lastKnownFileType = file; path = "Santana-Bold.ttf"; sourceTree = "<group>"; };
		942B204E1BF4D22E00F62926 /* Santana.ttf */ = {isa = PBXFileReference; lastKnownFileType = file; path = Santana.ttf; sourceTree = "<group>"; };
		944E80FD1BD9A43B002D3F20 /* Sisley.app */ = {isa = PBXFileReference; explicitFileType = wrapper.application; includeInIndex = 0; path = Sisley.app; sourceTree = BUILT_PRODUCTS_DIR; };
		944E81001BD9A43B002D3F20 /* AppDelegate.swift */ = {isa = PBXFileReference; lastKnownFileType = sourcecode.swift; path = AppDelegate.swift; sourceTree = "<group>"; };
		944E81021BD9A43B002D3F20 /* MainController.swift */ = {isa = PBXFileReference; lastKnownFileType = sourcecode.swift; path = MainController.swift; sourceTree = "<group>"; };
		944E81051BD9A43B002D3F20 /* Base */ = {isa = PBXFileReference; lastKnownFileType = file.storyboard; name = Base; path = Base.lproj/Main.storyboard; sourceTree = "<group>"; };
		944E81081BD9A43B002D3F20 /* Sisley.xcdatamodel */ = {isa = PBXFileReference; lastKnownFileType = wrapper.xcdatamodel; path = Sisley.xcdatamodel; sourceTree = "<group>"; };
		944E810A1BD9A43B002D3F20 /* Assets.xcassets */ = {isa = PBXFileReference; lastKnownFileType = folder.assetcatalog; path = Assets.xcassets; sourceTree = "<group>"; };
		944E810F1BD9A43B002D3F20 /* Info.plist */ = {isa = PBXFileReference; lastKnownFileType = text.plist.xml; path = Info.plist; sourceTree = "<group>"; };
		944E81141BD9A43B002D3F20 /* SisleyTests.xctest */ = {isa = PBXFileReference; explicitFileType = wrapper.cfbundle; includeInIndex = 0; path = SisleyTests.xctest; sourceTree = BUILT_PRODUCTS_DIR; };
		944E81181BD9A43B002D3F20 /* SisleyTests.swift */ = {isa = PBXFileReference; lastKnownFileType = sourcecode.swift; path = SisleyTests.swift; sourceTree = "<group>"; };
		944E811A1BD9A43B002D3F20 /* Info.plist */ = {isa = PBXFileReference; lastKnownFileType = text.plist.xml; path = Info.plist; sourceTree = "<group>"; };
		944E811F1BD9A43B002D3F20 /* SisleyUITests.xctest */ = {isa = PBXFileReference; explicitFileType = wrapper.cfbundle; includeInIndex = 0; path = SisleyUITests.xctest; sourceTree = BUILT_PRODUCTS_DIR; };
		944E81231BD9A43B002D3F20 /* SisleyUITests.swift */ = {isa = PBXFileReference; lastKnownFileType = sourcecode.swift; path = SisleyUITests.swift; sourceTree = "<group>"; };
		944E81251BD9A43B002D3F20 /* Info.plist */ = {isa = PBXFileReference; lastKnownFileType = text.plist.xml; path = Info.plist; sourceTree = "<group>"; };
		94AD12F31BF0D0D600B6B1A0 /* CustomSlider.swift */ = {isa = PBXFileReference; fileEncoding = 4; lastKnownFileType = sourcecode.swift; path = CustomSlider.swift; sourceTree = "<group>"; };
		94AD12F51BF0D0E600B6B1A0 /* CustomSliderView.swift */ = {isa = PBXFileReference; fileEncoding = 4; lastKnownFileType = sourcecode.swift; path = CustomSliderView.swift; sourceTree = "<group>"; };
		94AD12F71BF0D10600B6B1A0 /* CustomWebViewController.swift */ = {isa = PBXFileReference; fileEncoding = 4; lastKnownFileType = sourcecode.swift; path = CustomWebViewController.swift; sourceTree = "<group>"; };
		94E436211C0DD59600658C61 /* UITitle.swift */ = {isa = PBXFileReference; fileEncoding = 4; lastKnownFileType = sourcecode.swift; path = UITitle.swift; sourceTree = "<group>"; };
		94F196D41C0C686E00EB5283 /* AngleGradientLayer.h */ = {isa = PBXFileReference; lastKnownFileType = sourcecode.c.h; name = AngleGradientLayer.h; path = ../AngleGradientLayer.h; sourceTree = "<group>"; };
		94F196D51C0C689B00EB5283 /* Sisley-Bridging-Header.h */ = {isa = PBXFileReference; lastKnownFileType = sourcecode.c.h; path = "Sisley-Bridging-Header.h"; sourceTree = SOURCE_ROOT; };
		94F196D61C0C689C00EB5283 /* AngleGradientLayer.m */ = {isa = PBXFileReference; fileEncoding = 4; lastKnownFileType = sourcecode.c.objc; name = AngleGradientLayer.m; path = ../AngleGradientLayer.m; sourceTree = "<group>"; };
		94F196D81C0C8CA100EB5283 /* AngleGradientBorderLayer.swift */ = {isa = PBXFileReference; fileEncoding = 4; lastKnownFileType = sourcecode.swift; name = AngleGradientBorderLayer.swift; path = ../AngleGradientBorderLayer.swift; sourceTree = "<group>"; };
		94F196DA1C0C8D3000EB5283 /* AngleGradientBorderView.swift */ = {isa = PBXFileReference; fileEncoding = 4; lastKnownFileType = sourcecode.swift; name = AngleGradientBorderView.swift; path = ../AngleGradientBorderView.swift; sourceTree = "<group>"; };
		AD95C15F1BECBD6B0015441E /* Menu.storyboard */ = {isa = PBXFileReference; fileEncoding = 4; lastKnownFileType = file.storyboard; path = Menu.storyboard; sourceTree = "<group>"; };
		AD95C1611BECBD7A0015441E /* MenuController.swift */ = {isa = PBXFileReference; fileEncoding = 4; lastKnownFileType = sourcecode.swift; path = MenuController.swift; sourceTree = "<group>"; };
		AD95C1641BECC0400015441E /* Flower.storyboard */ = {isa = PBXFileReference; fileEncoding = 4; lastKnownFileType = file.storyboard; path = Flower.storyboard; sourceTree = "<group>"; };
		AD95C1661BECC0540015441E /* FlowerController.swift */ = {isa = PBXFileReference; fileEncoding = 4; lastKnownFileType = sourcecode.swift; path = FlowerController.swift; sourceTree = "<group>"; };
		ADD9C6961BE8E6EB0026B529 /* Connection.storyboard */ = {isa = PBXFileReference; fileEncoding = 4; lastKnownFileType = file.storyboard; path = Connection.storyboard; sourceTree = "<group>"; };
		ADD9C6981BE8E7050026B529 /* ConnectionController.swift */ = {isa = PBXFileReference; fileEncoding = 4; lastKnownFileType = sourcecode.swift; path = ConnectionController.swift; sourceTree = "<group>"; };
		ADD9C69B1BE8EBD70026B529 /* Quiz.storyboard */ = {isa = PBXFileReference; fileEncoding = 4; lastKnownFileType = file.storyboard; path = Quiz.storyboard; sourceTree = "<group>"; };
		ADD9C69E1BE8EC0D0026B529 /* QuizController.swift */ = {isa = PBXFileReference; fileEncoding = 4; lastKnownFileType = sourcecode.swift; path = QuizController.swift; sourceTree = "<group>"; };
		ADD9C6A11BE8F3850026B529 /* UserModel.swift */ = {isa = PBXFileReference; fileEncoding = 4; lastKnownFileType = sourcecode.swift; path = UserModel.swift; sourceTree = "<group>"; };
/* End PBXFileReference section */

/* Begin PBXFrameworksBuildPhase section */
		944E80FA1BD9A43B002D3F20 /* Frameworks */ = {
			isa = PBXFrameworksBuildPhase;
			buildActionMask = 2147483647;
			files = (
			);
			runOnlyForDeploymentPostprocessing = 0;
		};
		944E81111BD9A43B002D3F20 /* Frameworks */ = {
			isa = PBXFrameworksBuildPhase;
			buildActionMask = 2147483647;
			files = (
			);
			runOnlyForDeploymentPostprocessing = 0;
		};
		944E811C1BD9A43B002D3F20 /* Frameworks */ = {
			isa = PBXFrameworksBuildPhase;
			buildActionMask = 2147483647;
			files = (
			);
			runOnlyForDeploymentPostprocessing = 0;
		};
/* End PBXFrameworksBuildPhase section */

/* Begin PBXGroup section */
		942B20331BF0D5F500F62926 /* www */ = {
			isa = PBXGroup;
			children = (
				942B20341BF0D60E00F62926 /* 3d_model */,
				942B20351BF0D60E00F62926 /* app.css */,
				942B20371BF0D60E00F62926 /* app.js */,
				942B20391BF0D60E00F62926 /* index.html */,
			);
			name = www;
			sourceTree = "<group>";
		};
		942B20491BF4D21C00F62926 /* Assets */ = {
			isa = PBXGroup;
			children = (
				942B20501BF4D25C00F62926 /* Fonts */,
			);
			name = Assets;
			sourceTree = "<group>";
		};
		942B20501BF4D25C00F62926 /* Fonts */ = {
			isa = PBXGroup;
			children = (
				942B204A1BF4D22E00F62926 /* Bellota-Bold.otf */,
				942B204B1BF4D22E00F62926 /* Bellota-Light.otf */,
				942B204C1BF4D22E00F62926 /* Bellota-Regular.otf */,
				942B204D1BF4D22E00F62926 /* Santana-Bold.ttf */,
				942B204E1BF4D22E00F62926 /* Santana.ttf */,
			);
			name = Fonts;
			sourceTree = "<group>";
		};
		944E80F41BD9A43B002D3F20 = {
			isa = PBXGroup;
			children = (
				944E80FF1BD9A43B002D3F20 /* Sisley */,
				944E81171BD9A43B002D3F20 /* SisleyTests */,
				944E81221BD9A43B002D3F20 /* SisleyUITests */,
				944E80FE1BD9A43B002D3F20 /* Products */,
			);
			sourceTree = "<group>";
		};
		944E80FE1BD9A43B002D3F20 /* Products */ = {
			isa = PBXGroup;
			children = (
				944E80FD1BD9A43B002D3F20 /* Sisley.app */,
				944E81141BD9A43B002D3F20 /* SisleyTests.xctest */,
				944E811F1BD9A43B002D3F20 /* SisleyUITests.xctest */,
			);
			name = Products;
			sourceTree = "<group>";
		};
		944E80FF1BD9A43B002D3F20 /* Sisley */ = {
			isa = PBXGroup;
			children = (
				942B20491BF4D21C00F62926 /* Assets */,
				942B20331BF0D5F500F62926 /* www */,
				94AD12F21BF0D0B300B6B1A0 /* Components */,
				ADD9C6A01BE8F30D0026B529 /* Model */,
				ADD9C6931BE8E6260026B529 /* Storyboard */,
				944E81001BD9A43B002D3F20 /* AppDelegate.swift */,
				944E810A1BD9A43B002D3F20 /* Assets.xcassets */,
				944E810F1BD9A43B002D3F20 /* Info.plist */,
				944E81071BD9A43B002D3F20 /* Sisley.xcdatamodeld */,
			);
			path = Sisley;
			sourceTree = "<group>";
		};
		944E81171BD9A43B002D3F20 /* SisleyTests */ = {
			isa = PBXGroup;
			children = (
				944E81181BD9A43B002D3F20 /* SisleyTests.swift */,
				944E811A1BD9A43B002D3F20 /* Info.plist */,
			);
			path = SisleyTests;
			sourceTree = "<group>";
		};
		944E81221BD9A43B002D3F20 /* SisleyUITests */ = {
			isa = PBXGroup;
			children = (
				944E81231BD9A43B002D3F20 /* SisleyUITests.swift */,
				944E81251BD9A43B002D3F20 /* Info.plist */,
			);
			path = SisleyUITests;
			sourceTree = "<group>";
		};
		945468881C0F2C9500881080 /* Slider */ = {
			isa = PBXGroup;
			children = (
				94F196D61C0C689C00EB5283 /* AngleGradientLayer.m */,
				94F196D41C0C686E00EB5283 /* AngleGradientLayer.h */,
				94F196D51C0C689B00EB5283 /* Sisley-Bridging-Header.h */,
				94AD12F31BF0D0D600B6B1A0 /* CustomSlider.swift */,
				94AD12F51BF0D0E600B6B1A0 /* CustomSliderView.swift */,
				94F196D81C0C8CA100EB5283 /* AngleGradientBorderLayer.swift */,
				94F196DA1C0C8D3000EB5283 /* AngleGradientBorderView.swift */,
			);
			name = Slider;
			sourceTree = "<group>";
		};
		94AD12F21BF0D0B300B6B1A0 /* Components */ = {
			isa = PBXGroup;
			children = (
				945468881C0F2C9500881080 /* Slider */,
				94E436211C0DD59600658C61 /* UITitle.swift */,
			);
			name = Components;
			sourceTree = "<group>";
		};
		AD95C15E1BECBD510015441E /* Menu */ = {
			isa = PBXGroup;
			children = (
				AD95C15F1BECBD6B0015441E /* Menu.storyboard */,
				AD95C1611BECBD7A0015441E /* MenuController.swift */,
			);
			name = Menu;
			sourceTree = "<group>";
		};
		AD95C1631BECC00F0015441E /* Flower */ = {
			isa = PBXGroup;
			children = (
				ADD9C69A1BE8E8170026B529 /* Quiz */,
				AD95C15E1BECBD510015441E /* Menu */,
				AD95C1641BECC0400015441E /* Flower.storyboard */,
				AD95C1661BECC0540015441E /* FlowerController.swift */,
				94AD12F71BF0D10600B6B1A0 /* CustomWebViewController.swift */,
			);
			name = Flower;
			sourceTree = "<group>";
		};
		ADD9C6931BE8E6260026B529 /* Storyboard */ = {
			isa = PBXGroup;
			children = (
				AD95C1631BECC00F0015441E /* Flower */,
				ADD9C6951BE8E6CF0026B529 /* Connection */,
				ADD9C6941BE8E64F0026B529 /* Main */,
			);
			name = Storyboard;
			sourceTree = "<group>";
		};
		ADD9C6941BE8E64F0026B529 /* Main */ = {
			isa = PBXGroup;
			children = (
				944E81041BD9A43B002D3F20 /* Main.storyboard */,
				944E81021BD9A43B002D3F20 /* MainController.swift */,
			);
			name = Main;
			sourceTree = "<group>";
		};
		ADD9C6951BE8E6CF0026B529 /* Connection */ = {
			isa = PBXGroup;
			children = (
				ADD9C6961BE8E6EB0026B529 /* Connection.storyboard */,
				ADD9C6981BE8E7050026B529 /* ConnectionController.swift */,
			);
			name = Connection;
			sourceTree = "<group>";
		};
		ADD9C69A1BE8E8170026B529 /* Quiz */ = {
			isa = PBXGroup;
			children = (
				ADD9C69B1BE8EBD70026B529 /* Quiz.storyboard */,
				ADD9C69E1BE8EC0D0026B529 /* QuizController.swift */,
			);
			name = Quiz;
			sourceTree = "<group>";
		};
		ADD9C6A01BE8F30D0026B529 /* Model */ = {
			isa = PBXGroup;
			children = (
				ADD9C6A11BE8F3850026B529 /* UserModel.swift */,
			);
			name = Model;
			sourceTree = "<group>";
		};
/* End PBXGroup section */

/* Begin PBXNativeTarget section */
		944E80FC1BD9A43B002D3F20 /* Sisley */ = {
			isa = PBXNativeTarget;
			buildConfigurationList = 944E81281BD9A43B002D3F20 /* Build configuration list for PBXNativeTarget "Sisley" */;
			buildPhases = (
				944E80F91BD9A43B002D3F20 /* Sources */,
				944E80FA1BD9A43B002D3F20 /* Frameworks */,
				944E80FB1BD9A43B002D3F20 /* Resources */,
			);
			buildRules = (
			);
			dependencies = (
			);
			name = Sisley;
			productName = Sisley;
			productReference = 944E80FD1BD9A43B002D3F20 /* Sisley.app */;
			productType = "com.apple.product-type.application";
		};
		944E81131BD9A43B002D3F20 /* SisleyTests */ = {
			isa = PBXNativeTarget;
			buildConfigurationList = 944E812B1BD9A43B002D3F20 /* Build configuration list for PBXNativeTarget "SisleyTests" */;
			buildPhases = (
				944E81101BD9A43B002D3F20 /* Sources */,
				944E81111BD9A43B002D3F20 /* Frameworks */,
				944E81121BD9A43B002D3F20 /* Resources */,
			);
			buildRules = (
			);
			dependencies = (
				944E81161BD9A43B002D3F20 /* PBXTargetDependency */,
			);
			name = SisleyTests;
			productName = SisleyTests;
			productReference = 944E81141BD9A43B002D3F20 /* SisleyTests.xctest */;
			productType = "com.apple.product-type.bundle.unit-test";
		};
		944E811E1BD9A43B002D3F20 /* SisleyUITests */ = {
			isa = PBXNativeTarget;
			buildConfigurationList = 944E812E1BD9A43B002D3F20 /* Build configuration list for PBXNativeTarget "SisleyUITests" */;
			buildPhases = (
				944E811B1BD9A43B002D3F20 /* Sources */,
				944E811C1BD9A43B002D3F20 /* Frameworks */,
				944E811D1BD9A43B002D3F20 /* Resources */,
			);
			buildRules = (
			);
			dependencies = (
				944E81211BD9A43B002D3F20 /* PBXTargetDependency */,
			);
			name = SisleyUITests;
			productName = SisleyUITests;
			productReference = 944E811F1BD9A43B002D3F20 /* SisleyUITests.xctest */;
			productType = "com.apple.product-type.bundle.ui-testing";
		};
/* End PBXNativeTarget section */

/* Begin PBXProject section */
		944E80F51BD9A43B002D3F20 /* Project object */ = {
			isa = PBXProject;
			attributes = {
				LastSwiftUpdateCheck = 0710;
				LastUpgradeCheck = 0700;
				ORGANIZATIONNAME = "Soufiane Lasri";
				TargetAttributes = {
					944E80FC1BD9A43B002D3F20 = {
						CreatedOnToolsVersion = 7.0.1;
					};
					944E81131BD9A43B002D3F20 = {
						CreatedOnToolsVersion = 7.0.1;
						TestTargetID = 944E80FC1BD9A43B002D3F20;
					};
					944E811E1BD9A43B002D3F20 = {
						CreatedOnToolsVersion = 7.0.1;
						TestTargetID = 944E80FC1BD9A43B002D3F20;
					};
				};
			};
			buildConfigurationList = 944E80F81BD9A43B002D3F20 /* Build configuration list for PBXProject "Sisley" */;
			compatibilityVersion = "Xcode 3.2";
			developmentRegion = English;
			hasScannedForEncodings = 0;
			knownRegions = (
				en,
				Base,
			);
			mainGroup = 944E80F41BD9A43B002D3F20;
			productRefGroup = 944E80FE1BD9A43B002D3F20 /* Products */;
			projectDirPath = "";
			projectRoot = "";
			targets = (
				944E80FC1BD9A43B002D3F20 /* Sisley */,
				944E81131BD9A43B002D3F20 /* SisleyTests */,
				944E811E1BD9A43B002D3F20 /* SisleyUITests */,
			);
		};
/* End PBXProject section */

/* Begin PBXResourcesBuildPhase section */
		944E80FB1BD9A43B002D3F20 /* Resources */ = {
			isa = PBXResourcesBuildPhase;
			buildActionMask = 2147483647;
			files = (
				942B203C1BF0D60E00F62926 /* app.js in Resources */,
				942B203D1BF0D60E00F62926 /* index.html in Resources */,
				942B203B1BF0D60E00F62926 /* app.css in Resources */,
				ADD9C6971BE8E6EB0026B529 /* Connection.storyboard in Resources */,
				942B20551BF4D26700F62926 /* Bellota-Bold.otf in Resources */,
				ADD9C69C1BE8EBD70026B529 /* Quiz.storyboard in Resources */,
				AD95C1601BECBD6B0015441E /* Menu.storyboard in Resources */,
				942B20561BF4D26700F62926 /* Bellota-Light.otf in Resources */,
				942B20581BF4D26700F62926 /* Santana-Bold.ttf in Resources */,
				944E810B1BD9A43B002D3F20 /* Assets.xcassets in Resources */,
				942B20571BF4D26700F62926 /* Bellota-Regular.otf in Resources */,
				AD95C1651BECC0400015441E /* Flower.storyboard in Resources */,
				942B20591BF4D26700F62926 /* Santana.ttf in Resources */,
				944E81061BD9A43B002D3F20 /* Main.storyboard in Resources */,
				942B203A1BF0D60E00F62926 /* 3d_model in Resources */,
			);
			runOnlyForDeploymentPostprocessing = 0;
		};
		944E81121BD9A43B002D3F20 /* Resources */ = {
			isa = PBXResourcesBuildPhase;
			buildActionMask = 2147483647;
			files = (
			);
			runOnlyForDeploymentPostprocessing = 0;
		};
		944E811D1BD9A43B002D3F20 /* Resources */ = {
			isa = PBXResourcesBuildPhase;
			buildActionMask = 2147483647;
			files = (
			);
			runOnlyForDeploymentPostprocessing = 0;
		};
/* End PBXResourcesBuildPhase section */

/* Begin PBXSourcesBuildPhase section */
		944E80F91BD9A43B002D3F20 /* Sources */ = {
			isa = PBXSourcesBuildPhase;
			buildActionMask = 2147483647;
			files = (
				944E81031BD9A43B002D3F20 /* MainController.swift in Sources */,
				94F196D71C0C689C00EB5283 /* AngleGradientLayer.m in Sources */,
				94AD12F41BF0D0D600B6B1A0 /* CustomSlider.swift in Sources */,
				AD95C1621BECBD7A0015441E /* MenuController.swift in Sources */,
				ADD9C6991BE8E7050026B529 /* ConnectionController.swift in Sources */,
				94F196D91C0C8CA100EB5283 /* AngleGradientBorderLayer.swift in Sources */,
				94AD12F61BF0D0E600B6B1A0 /* CustomSliderView.swift in Sources */,
				ADD9C6A21BE8F3850026B529 /* UserModel.swift in Sources */,
				94F196DB1C0C8D3000EB5283 /* AngleGradientBorderView.swift in Sources */,
				94AD12F81BF0D10600B6B1A0 /* CustomWebViewController.swift in Sources */,
				AD95C1671BECC0540015441E /* FlowerController.swift in Sources */,
				ADD9C69F1BE8EC0D0026B529 /* QuizController.swift in Sources */,
				944E81091BD9A43B002D3F20 /* Sisley.xcdatamodeld in Sources */,
				944E81011BD9A43B002D3F20 /* AppDelegate.swift in Sources */,
				94E436221C0DD59600658C61 /* UITitle.swift in Sources */,
			);
			runOnlyForDeploymentPostprocessing = 0;
		};
		944E81101BD9A43B002D3F20 /* Sources */ = {
			isa = PBXSourcesBuildPhase;
			buildActionMask = 2147483647;
			files = (
				944E81191BD9A43B002D3F20 /* SisleyTests.swift in Sources */,
			);
			runOnlyForDeploymentPostprocessing = 0;
		};
		944E811B1BD9A43B002D3F20 /* Sources */ = {
			isa = PBXSourcesBuildPhase;
			buildActionMask = 2147483647;
			files = (
				944E81241BD9A43B002D3F20 /* SisleyUITests.swift in Sources */,
			);
			runOnlyForDeploymentPostprocessing = 0;
		};
/* End PBXSourcesBuildPhase section */

/* Begin PBXTargetDependency section */
		944E81161BD9A43B002D3F20 /* PBXTargetDependency */ = {
			isa = PBXTargetDependency;
			target = 944E80FC1BD9A43B002D3F20 /* Sisley */;
			targetProxy = 944E81151BD9A43B002D3F20 /* PBXContainerItemProxy */;
		};
		944E81211BD9A43B002D3F20 /* PBXTargetDependency */ = {
			isa = PBXTargetDependency;
			target = 944E80FC1BD9A43B002D3F20 /* Sisley */;
			targetProxy = 944E81201BD9A43B002D3F20 /* PBXContainerItemProxy */;
		};
/* End PBXTargetDependency section */

/* Begin PBXVariantGroup section */
		944E81041BD9A43B002D3F20 /* Main.storyboard */ = {
			isa = PBXVariantGroup;
			children = (
				944E81051BD9A43B002D3F20 /* Base */,
			);
			name = Main.storyboard;
			sourceTree = "<group>";
		};
/* End PBXVariantGroup section */

/* Begin XCBuildConfiguration section */
		944E81261BD9A43B002D3F20 /* Debug */ = {
			isa = XCBuildConfiguration;
			buildSettings = {
				ALWAYS_SEARCH_USER_PATHS = NO;
				CLANG_CXX_LANGUAGE_STANDARD = "gnu++0x";
				CLANG_CXX_LIBRARY = "libc++";
				CLANG_ENABLE_MODULES = YES;
				CLANG_ENABLE_OBJC_ARC = YES;
				CLANG_WARN_BOOL_CONVERSION = YES;
				CLANG_WARN_CONSTANT_CONVERSION = YES;
				CLANG_WARN_DIRECT_OBJC_ISA_USAGE = YES_ERROR;
				CLANG_WARN_EMPTY_BODY = YES;
				CLANG_WARN_ENUM_CONVERSION = YES;
				CLANG_WARN_INT_CONVERSION = YES;
				CLANG_WARN_OBJC_ROOT_CLASS = YES_ERROR;
				CLANG_WARN_UNREACHABLE_CODE = YES;
				CLANG_WARN__DUPLICATE_METHOD_MATCH = YES;
				"CODE_SIGN_IDENTITY[sdk=iphoneos*]" = "iPhone Developer";
				COPY_PHASE_STRIP = NO;
				DEBUG_INFORMATION_FORMAT = dwarf;
				ENABLE_STRICT_OBJC_MSGSEND = YES;
				ENABLE_TESTABILITY = YES;
				GCC_C_LANGUAGE_STANDARD = gnu99;
				GCC_DYNAMIC_NO_PIC = NO;
				GCC_NO_COMMON_BLOCKS = YES;
				GCC_OPTIMIZATION_LEVEL = 0;
				GCC_PREPROCESSOR_DEFINITIONS = (
					"DEBUG=1",
					"$(inherited)",
				);
				GCC_WARN_64_TO_32_BIT_CONVERSION = YES;
				GCC_WARN_ABOUT_RETURN_TYPE = YES_ERROR;
				GCC_WARN_UNDECLARED_SELECTOR = YES;
				GCC_WARN_UNINITIALIZED_AUTOS = YES_AGGRESSIVE;
				GCC_WARN_UNUSED_FUNCTION = YES;
				GCC_WARN_UNUSED_VARIABLE = YES;
				IPHONEOS_DEPLOYMENT_TARGET = 9.0;
				MTL_ENABLE_DEBUG_INFO = YES;
				ONLY_ACTIVE_ARCH = YES;
				SDKROOT = iphoneos;
				SWIFT_OPTIMIZATION_LEVEL = "-Onone";
			};
			name = Debug;
		};
		944E81271BD9A43B002D3F20 /* Release */ = {
			isa = XCBuildConfiguration;
			buildSettings = {
				ALWAYS_SEARCH_USER_PATHS = NO;
				CLANG_CXX_LANGUAGE_STANDARD = "gnu++0x";
				CLANG_CXX_LIBRARY = "libc++";
				CLANG_ENABLE_MODULES = YES;
				CLANG_ENABLE_OBJC_ARC = YES;
				CLANG_WARN_BOOL_CONVERSION = YES;
				CLANG_WARN_CONSTANT_CONVERSION = YES;
				CLANG_WARN_DIRECT_OBJC_ISA_USAGE = YES_ERROR;
				CLANG_WARN_EMPTY_BODY = YES;
				CLANG_WARN_ENUM_CONVERSION = YES;
				CLANG_WARN_INT_CONVERSION = YES;
				CLANG_WARN_OBJC_ROOT_CLASS = YES_ERROR;
				CLANG_WARN_UNREACHABLE_CODE = YES;
				CLANG_WARN__DUPLICATE_METHOD_MATCH = YES;
				"CODE_SIGN_IDENTITY[sdk=iphoneos*]" = "iPhone Developer";
				COPY_PHASE_STRIP = NO;
				DEBUG_INFORMATION_FORMAT = "dwarf-with-dsym";
				ENABLE_NS_ASSERTIONS = NO;
				ENABLE_STRICT_OBJC_MSGSEND = YES;
				GCC_C_LANGUAGE_STANDARD = gnu99;
				GCC_NO_COMMON_BLOCKS = YES;
				GCC_WARN_64_TO_32_BIT_CONVERSION = YES;
				GCC_WARN_ABOUT_RETURN_TYPE = YES_ERROR;
				GCC_WARN_UNDECLARED_SELECTOR = YES;
				GCC_WARN_UNINITIALIZED_AUTOS = YES_AGGRESSIVE;
				GCC_WARN_UNUSED_FUNCTION = YES;
				GCC_WARN_UNUSED_VARIABLE = YES;
				IPHONEOS_DEPLOYMENT_TARGET = 9.0;
				MTL_ENABLE_DEBUG_INFO = NO;
				SDKROOT = iphoneos;
				VALIDATE_PRODUCT = YES;
			};
			name = Release;
		};
		944E81291BD9A43B002D3F20 /* Debug */ = {
			isa = XCBuildConfiguration;
			buildSettings = {
				ASSETCATALOG_COMPILER_APPICON_NAME = AppIcon;
				ASSETCATALOG_COMPILER_LAUNCHIMAGE_NAME = LaunchImage;
				CLANG_ENABLE_MODULES = YES;
				CODE_SIGN_IDENTITY = "iPhone Developer";
				"CODE_SIGN_IDENTITY[sdk=iphoneos*]" = "iPhone Developer";
				INFOPLIST_FILE = Sisley/Info.plist;
				LD_RUNPATH_SEARCH_PATHS = "$(inherited) @executable_path/Frameworks";
				PRODUCT_BUNDLE_IDENTIFIER = com.gobs.Sisley;
				PRODUCT_NAME = "$(TARGET_NAME)";
				PROVISIONING_PROFILE = "";
				SWIFT_OBJC_BRIDGING_HEADER = "Sisley-Bridging-Header.h";
				SWIFT_OPTIMIZATION_LEVEL = "-Onone";
				TARGETED_DEVICE_FAMILY = 1;
			};
			name = Debug;
		};
		944E812A1BD9A43B002D3F20 /* Release */ = {
			isa = XCBuildConfiguration;
			buildSettings = {
				ASSETCATALOG_COMPILER_APPICON_NAME = AppIcon;
				ASSETCATALOG_COMPILER_LAUNCHIMAGE_NAME = LaunchImage;
				CLANG_ENABLE_MODULES = YES;
				CODE_SIGN_IDENTITY = "iPhone Developer";
				"CODE_SIGN_IDENTITY[sdk=iphoneos*]" = "iPhone Developer";
				INFOPLIST_FILE = Sisley/Info.plist;
				LD_RUNPATH_SEARCH_PATHS = "$(inherited) @executable_path/Frameworks";
				PRODUCT_BUNDLE_IDENTIFIER = com.gobs.Sisley;
				PRODUCT_NAME = "$(TARGET_NAME)";
				PROVISIONING_PROFILE = "";
				SWIFT_OBJC_BRIDGING_HEADER = "Sisley-Bridging-Header.h";
				TARGETED_DEVICE_FAMILY = 1;
			};
			name = Release;
		};
		944E812C1BD9A43B002D3F20 /* Debug */ = {
			isa = XCBuildConfiguration;
			buildSettings = {
				BUNDLE_LOADER = "$(TEST_HOST)";
				INFOPLIST_FILE = SisleyTests/Info.plist;
				LD_RUNPATH_SEARCH_PATHS = "$(inherited) @executable_path/Frameworks @loader_path/Frameworks";
				PRODUCT_BUNDLE_IDENTIFIER = com.gobs.SisleyTests;
				PRODUCT_NAME = "$(TARGET_NAME)";
				TEST_HOST = "$(BUILT_PRODUCTS_DIR)/Sisley.app/Sisley";
			};
			name = Debug;
		};
		944E812D1BD9A43B002D3F20 /* Release */ = {
			isa = XCBuildConfiguration;
			buildSettings = {
				BUNDLE_LOADER = "$(TEST_HOST)";
				INFOPLIST_FILE = SisleyTests/Info.plist;
				LD_RUNPATH_SEARCH_PATHS = "$(inherited) @executable_path/Frameworks @loader_path/Frameworks";
				PRODUCT_BUNDLE_IDENTIFIER = com.gobs.SisleyTests;
				PRODUCT_NAME = "$(TARGET_NAME)";
				TEST_HOST = "$(BUILT_PRODUCTS_DIR)/Sisley.app/Sisley";
			};
			name = Release;
		};
		944E812F1BD9A43B002D3F20 /* Debug */ = {
			isa = XCBuildConfiguration;
			buildSettings = {
				INFOPLIST_FILE = SisleyUITests/Info.plist;
				LD_RUNPATH_SEARCH_PATHS = "$(inherited) @executable_path/Frameworks @loader_path/Frameworks";
				PRODUCT_BUNDLE_IDENTIFIER = com.gobs.SisleyUITests;
				PRODUCT_NAME = "$(TARGET_NAME)";
				TEST_TARGET_NAME = Sisley;
				USES_XCTRUNNER = YES;
			};
			name = Debug;
		};
		944E81301BD9A43B002D3F20 /* Release */ = {
			isa = XCBuildConfiguration;
			buildSettings = {
				INFOPLIST_FILE = SisleyUITests/Info.plist;
				LD_RUNPATH_SEARCH_PATHS = "$(inherited) @executable_path/Frameworks @loader_path/Frameworks";
				PRODUCT_BUNDLE_IDENTIFIER = com.gobs.SisleyUITests;
				PRODUCT_NAME = "$(TARGET_NAME)";
				TEST_TARGET_NAME = Sisley;
				USES_XCTRUNNER = YES;
			};
			name = Release;
		};
/* End XCBuildConfiguration section */

/* Begin XCConfigurationList section */
		944E80F81BD9A43B002D3F20 /* Build configuration list for PBXProject "Sisley" */ = {
			isa = XCConfigurationList;
			buildConfigurations = (
				944E81261BD9A43B002D3F20 /* Debug */,
				944E81271BD9A43B002D3F20 /* Release */,
			);
			defaultConfigurationIsVisible = 0;
			defaultConfigurationName = Release;
		};
		944E81281BD9A43B002D3F20 /* Build configuration list for PBXNativeTarget "Sisley" */ = {
			isa = XCConfigurationList;
			buildConfigurations = (
				944E81291BD9A43B002D3F20 /* Debug */,
				944E812A1BD9A43B002D3F20 /* Release */,
			);
			defaultConfigurationIsVisible = 0;
			defaultConfigurationName = Release;
		};
		944E812B1BD9A43B002D3F20 /* Build configuration list for PBXNativeTarget "SisleyTests" */ = {
			isa = XCConfigurationList;
			buildConfigurations = (
				944E812C1BD9A43B002D3F20 /* Debug */,
				944E812D1BD9A43B002D3F20 /* Release */,
			);
			defaultConfigurationIsVisible = 0;
			defaultConfigurationName = Release;
		};
		944E812E1BD9A43B002D3F20 /* Build configuration list for PBXNativeTarget "SisleyUITests" */ = {
			isa = XCConfigurationList;
			buildConfigurations = (
				944E812F1BD9A43B002D3F20 /* Debug */,
				944E81301BD9A43B002D3F20 /* Release */,
			);
			defaultConfigurationIsVisible = 0;
			defaultConfigurationName = Release;
		};
/* End XCConfigurationList section */

/* Begin XCVersionGroup section */
		944E81071BD9A43B002D3F20 /* Sisley.xcdatamodeld */ = {
			isa = XCVersionGroup;
			children = (
				944E81081BD9A43B002D3F20 /* Sisley.xcdatamodel */,
			);
			currentVersion = 944E81081BD9A43B002D3F20 /* Sisley.xcdatamodel */;
			path = Sisley.xcdatamodeld;
			sourceTree = "<group>";
			versionGroupType = wrapper.xcdatamodel;
		};
/* End XCVersionGroup section */
	};
	rootObject = 944E80F51BD9A43B002D3F20 /* Project object */;
}
